lockfileVersion: '9.0'

settings:
  autoInstallPeers: true
  excludeLinksFromLockfile: false

importers:

  .:
    dependencies:
      '@bearcove/vox-core':
        specifier: ^0.8.2
        version: 0.8.2
      '@bearcove/vox-postcard':
        specifier: ^0.8.2
        version: 0.8.2
      '@bearcove/vox-ws':
        specifier: ^0.8.2
        version: 0.8.2
      '@codingame/monaco-vscode-api':
        specifier: ^25.1.2
        version: 25.1.2
      '@codingame/monaco-vscode-configuration-service-override':
        specifier: ^25.1.2
        version: 25.1.2
      '@codingame/monaco-vscode-editor-api':
        specifier: ^25.1.2
        version: 25.1.2
      '@codingame/monaco-vscode-editor-service-override':
        specifier: ^25.1.2
        version: 25.1.2
      '@codingame/monaco-vscode-extensions-service-override':
        specifier: ^25.1.2
        version: 25.1.2
      '@codingame/monaco-vscode-languages-service-override':
        specifier: ^25.1.2
        version: 25.1.2
      '@codingame/monaco-vscode-log-service-override':
        specifier: ^25.1.2
        version: 25.1.2
      '@codingame/monaco-vscode-model-service-override':
        specifier: ^25.1.2
        version: 25.1.2
      '@codingame/monaco-vscode-monarch-service-override':
        specifier: ^25.1.2
        version: 25.1.2
      '@codingame/monaco-vscode-textmate-service-override':
        specifier: ^25.1.2
        version: 25.1.2
      '@codingame/monaco-vscode-theme-defaults-default-extension':
        specifier: ^25.1.2
        version: 25.1.2
      '@codingame/monaco-vscode-theme-service-override':
        specifier: ^25.1.2
        version: 25.1.2
      '@codingame/monaco-vscode-views-service-override':
        specifier: ^25.1.2
        version: 25.1.2
      '@codingame/monaco-vscode-workbench-service-override':
        specifier: ^25.1.2
        version: 25.1.2
      monaco-editor:
        specifier: ^0.52.2
        version: 0.52.2
      monaco-languageclient:
        specifier: ^10.7.0
        version: 10.7.0
      vscode:
        specifier: npm:@codingame/monaco-vscode-extension-api@^25.1.2
        version: '@codingame/monaco-vscode-extension-api@25.1.2'
      vscode-jsonrpc:
        specifier: ^8.2.1
        version: 8.2.1
      vscode-languageclient:
        specifier: ~9.0.1
        version: 9.0.1
    devDependencies:
      typescript:
        specifier: ^5.7.2
        version: 5.9.3
      vite:
        specifier: ^6.0.7
        version: 6.4.2

packages:

  '@bearcove/vox-core@0.8.2':
    resolution: {integrity: sha512-mpzO2jRskCQbMM/3wRGA21DbOFvO53u/fjx/4z2V7rWEieF1DvKuhJIOToTd+6EisqGyHqvP4AJWAKsfMNekfQ==}

  '@bearcove/vox-postcard@0.8.2':
    resolution: {integrity: sha512-orsBQY2CLntBaQkSJRVm1SVce0cJ5tnFRkYdoNrMoF6zQt5swzfVSjidzJzciRnMwKH+ASoU3o5CJXG83z+ORQ==}

  '@bearcove/vox-tcp@0.8.2':
    resolution: {integrity: sha512-Ez/I/oG8B5QTzATSN412xUKqYyqHwQm4JmS8CVA/B87wLwTTNw9jwdsjWdCHAFKVaHq7LA1cjindywDjohYnFw==}

  '@bearcove/vox-wire@0.8.2':
    resolution: {integrity: sha512-wjiZJnoMHFy1cp2XyuLG23Ikbn/Bi+vXhJC1IXME06esrry1eka6EeLsV8Z677Vycx3rHggOCOAjD7E+XnNX+g==}

  '@bearcove/vox-ws@0.8.2':
    resolution: {integrity: sha512-6Pz3d1UAzyixqhQeI4gDTYlZ++LuKu02xPAN+wTxsgWnffNrT026WX+3zsTMLkSjoGrCWdOVNVptsCPr1mHqEw==}

  '@codingame/monaco-vscode-api@25.1.2':
    resolution: {integrity: sha512-K04QcQA+Zb0KXucBAK/BGCT5dldiwIqdUbBQq7yuLvBLbof3cP1WSUuxasMHGYwM0MWyzIAsDtyAYMS7is8ZuA==}

  '@codingame/monaco-vscode-base-service-override@25.1.2':
    resolution: {integrity: sha512-OwYs6h1ATUAeMmX+Q1c8esTG7GLMqniBs+fLEr1/9b/ciY485ArKo5UvrUxVPDtRNy/7F06vRW9IUCq9iKP14w==}

  '@codingame/monaco-vscode-bulk-edit-service-override@25.1.2':
    resolution: {integrity: sha512-+EfSzjiFakCf0IIJKPZrHVGioq5N8GBsp51bXuKBR5J/B58cUaJY0Dc12PNTSpgAusAGOppUIOSBqUk4F/7IaQ==}

  '@codingame/monaco-vscode-configuration-service-override@25.1.2':
    resolution: {integrity: sha512-oeoZ3WtM42zHA1IWHrx9UGEfE+TixE+G8Bl9M9bjgFj1EROnkB5yOfELwRYPo4WOEtcK1C5nvIvWIj/hL9MaLg==}

  '@codingame/monaco-vscode-editor-api@25.1.2':
    resolution: {integrity: sha512-dVXoBLRN8vyFHsLY6iYISaNetZ3ispXLut0qL+jvN0e0CEFkUv1F/3EAE7myptrJSS/N1AptrRIxATT3lwFP+Q==}

  '@codingame/monaco-vscode-editor-service-override@25.1.2':
    resolution: {integrity: sha512-EadvDCyWdgxOPmaIvbcVVDNjTUYuKdjYWwKbPbbcTs9t4z1/DjdE7mV3ZdT6aGh5m6zkEEUOi143l27Y5eRt+Q==}

  '@codingame/monaco-vscode-environment-service-override@25.1.2':
    resolution: {integrity: sha512-8GoD3lk0CN0dIMZOrZNS/i8RCaF1YSQ6nmrf+rqneOSHG9S382EnsZZD69d4+i7JnoeyttO7Kr9KH8WOhRV6OA==}

  '@codingame/monaco-vscode-extension-api@25.1.2':
    resolution: {integrity: sha512-SJW/YOhjo+9MXEyzMwQMUWdJVR3Llc6pTq5JQqs6Y30v73gTrpLqtzbd9FNdCuQR8S6bUk5ScH8GL4QrVuL5FA==}

  '@codingame/monaco-vscode-extensions-service-override@25.1.2':
    resolution: {integrity: sha512-rTTZW2biPxcg+JumhVf2L+38C5ptvNNxiJlwz39VfXFEh6qOHtAsIMy7vIXa0uGg5/y8DNp0SnOQJP/RKhLYZA==}

  '@codingame/monaco-vscode-files-service-override@25.1.2':
    resolution: {integrity: sha512-TenLLAFIwY7keZFF8e3beUn7OVfnNINR5Noi4PVrjeeTcy6FuNH6Jghdul2JwpRAkvyJLdFMvomE2jlT6F03jQ==}

  '@codingame/monaco-vscode-host-service-override@25.1.2':
    resolution: {integrity: sha512-lgaalpA9CUQW7i0bBwgBOK0DQNDvOo3QO3p6Rz6yVsHpgA4iMqq2d11dBDUKvuQSwIHPRu8CMHCqhQk/BQN/YA==}

  '@codingame/monaco-vscode-keybindings-service-override@25.1.2':
    resolution: {integrity: sha512-cp/gGyTvCTAzCYnQm0HJykXJRB0Huz8Lvq60lj5LutgWcb8S3w6dOB2Houm8dHoeUm/jOko8SQNIP8hzWN92Zw==}

  '@codingame/monaco-vscode-language-pack-cs@25.1.2':
    resolution: {integrity: sha512-v0cB2uAOCwj135aGIf0arGV+DNW32lbWh04bv8ctTxcWRt1Pr2kTQ1pjfE8ynKgxabPfAk8E25/CerKSYOmZ+A==}

  '@codingame/monaco-vscode-language-pack-de@25.1.2':
    resolution: {integrity: sha512-xA3WOt1w5jlAOnyx4PBwx+qV3vx8C8/zie29qjYbgJMxGKDkb0HfpuKUwywDA2uUMI2wJZS+PnNG00zPDoLIrw==}

  '@codingame/monaco-vscode-language-pack-es@25.1.2':
    resolution: {integrity: sha512-1/upuO9lRJilZ3sRr0QLTpz55KYRaBWDe8wtPvghOFYOHyWgW8A4VhUQxa6L9SJgY1JkypUAm0U8WcMX2G4LnQ==}

  '@codingame/monaco-vscode-language-pack-fr@25.1.2':
    resolution: {integrity: sha512-iq+xx+tv1QIMmFD0eBhFRMF4xMAsVf/HyA1WogqBofteCWeAvRE9HUjZ5JzHz7jXBPe3dLP1LOM0r0GrJZs4fQ==}

  '@codingame/monaco-vscode-language-pack-it@25.1.2':
    resolution: {integrity: sha512-FajWCML9OR8ppLnJ0mcg+sFHEhYJl8zhb3/DHnd+pNysw8dLfetXoSWjaPnwPPpwiQgkNN1UsToZHOU9czVifQ==}

  '@codingame/monaco-vscode-language-pack-ja@25.1.2':
    resolution: {integrity: sha512-NwKh0BnPgUrJkxsm0X6vY4ftnd9DjxkcnQqK+bohta6UOzm09J1EjZ6QD42fjWngxrp/xiegtrYQ9NA2q6VpoA==}

  '@codingame/monaco-vscode-language-pack-ko@25.1.2':
    resolution: {integrity: sha512-fvaisgfcg8YaAwnyPcGmQDLwkwqzamLQUyx9HmnwDpXw0YANzd058Kwn6bz+Vfn9MjwuMNT0nllD0qQMnpdyew==}

  '@codingame/monaco-vscode-language-pack-pl@25.1.2':
    resolution: {integrity: sha512-9hDRyzFJkDia5rO9QE262JgxwP/cnalFisLFo7FQcw57ZhqzqXIdQIuwcKaHuAgzeQ6W2+A3KOLfTr3m7VZrXw==}

  '@codingame/monaco-vscode-language-pack-pt-br@25.1.2':
    resolution: {integrity: sha512-7fFnqOTAJGb5RuJ4uwh9sh0JmXALuHPGOl7iL9rZkcgIuVP5y6wVDUDXq5qjiRTNSFDs7Bzh463Ir5m5D6mJbA==}

  '@codingame/monaco-vscode-language-pack-qps-ploc@25.1.2':
    resolution: {integrity: sha512-IFjoqrSuPtIFWb+KlPT6PFWKszzNX+TCD9drgCV6AigvBO/xfGL3QwHB68l/DLbmDbohOz4Xdkutv20wuENAeA==}

  '@codingame/monaco-vscode-language-pack-ru@25.1.2':
    resolution: {integrity: sha512-0uDAeXO+GllKUPhJzP893rlDhlFV1IwCu/515rBdcyegt48iGm/xAgj26V90hNz8hmB6EuM/7d8MFeklbiIpYA==}

  '@codingame/monaco-vscode-language-pack-tr@25.1.2':
    resolution: {integrity: sha512-MJhHxDyJEiuVLQ9+jb8MnnN9lsbJOjJjMswVCeJ7v/Q/msAhq25QYUfn0DbOIzESJE1f7crffRb5e38XP8sYWA==}

  '@codingame/monaco-vscode-language-pack-zh-hans@25.1.2':
    resolution: {integrity: sha512-c7MMrhnSLb59NxpAa8nVy9aIbxy4gVYrCpDMq8W380LOaXTYb7nueTrw8QJ5QbJBNi2P2KZoGkn2BlONuBtJJg==}

  '@codingame/monaco-vscode-language-pack-zh-hant@25.1.2':
    resolution: {integrity: sha512-ARedFTM6JCluoPLJqkBcTJaQFdJNcN86OX6B8/NMApIPrnSIAfanMndpyilt8XjzUG6IH22cypR+DAlEjf48cA==}

  '@codingame/monaco-vscode-languages-service-override@25.1.2':
    resolution: {integrity: sha512-ipuS1V3NgXDkNrj0vBcgMBFnqo+19HVsZjjFGfPFH3x0uptP9aiWWK42wtDK3Qbu4teSjHL7WnSLrmw94rplWw==}

  '@codingame/monaco-vscode-layout-service-override@25.1.2':
    resolution: {integrity: sha512-SxBGcMK3RgkGtUn7ZDl7dCoyNW0CWFQ/bfSRYUY06A0IA4JNS5jq1lhof57d0WXewm+5l8w1Spr/vMsfx1c9ig==}

  '@codingame/monaco-vscode-localization-service-override@25.1.2':
    resolution: {integrity: sha512-QLj62A8XDOIQW3KjsZlNxs+sfsNNHYxWMjQMwZu/y2Vw3IIHGly2Lpn4t4SFbeaBHJQJy4i5s7NpzlbF9MbEzQ==}

  '@codingame/monaco-vscode-log-service-override@25.1.2':
    resolution: {integrity: sha512-OoileAUtPAJ0j3RW31DFSxtOipy0EcFq+iIXEdGvoRlsQPZJ3o9ayjf1JvCXpxUjJ3QkmvQVhXsWNUFREjEFLg==}

  '@codingame/monaco-vscode-model-service-override@25.1.2':
    resolution: {integrity: sha512-MGz/eV1CxibLvnl6WzK6idUHJCXJOVepJvKM6Trkv5050vRe+f/o1TjCiG8PaznAypYqZvnwkTG0B7/OTizCpQ==}

  '@codingame/monaco-vscode-monarch-service-override@25.1.2':
    resolution: {integrity: sha512-akyNHOJQRS7YHyk6kf0Encnkt+shlR+bIB84UJRUHFgSeF8s5gkDkQuFJph0YeUDWJWat+yBLUSZx2nHomdbHQ==}

  '@codingame/monaco-vscode-quickaccess-service-override@25.1.2':
    resolution: {integrity: sha512-7IIrXnwHiF3w9d9p9kspEUz/LCibMLUztmRpGdZQfFtWBJw043q7rk8V1O42KdXr1hVg9IR5vfffwjy9nbiiUg==}

  '@codingame/monaco-vscode-textmate-service-override@25.1.2':
    resolution: {integrity: sha512-AL0FtSQBW+1vtoXYQvUqB2hfWojpK73Kq/n6KuNXxjLF/XBJ5FpeeZDfrBfwhWPPoHuBTsaFUCQy4L8xQgbVlA==}

  '@codingame/monaco-vscode-theme-defaults-default-extension@25.1.2':
    resolution: {integrity: sha512-0vTMFiC89YSDSmjFckuQBUKwRuFNtsILNO3k0PBiSLN/MW+VDItjJpiVLXC42+rUWlGgY2lYxOneGVa5slCV1w==}

  '@codingame/monaco-vscode-theme-service-override@25.1.2':
    resolution: {integrity: sha512-hsTwl6YYTiheFuQMmCmiEGLIdIdgYaf8Z85XWyxe6YgPtDaYGnp0fGSOXKA9/bf0JtuynzoLKtUUfDupK/A7Tw==}

  '@codingame/monaco-vscode-view-banner-service-override@25.1.2':
    resolution: {integrity: sha512-zhujHd1PQ6rRXsC2OQGrx/282G2v3lpPFl9heDFGKzpdj5119SgcW+B9p/MwJ1qF3LJpuRRgefNiQtqC/KT1eA==}

  '@codingame/monaco-vscode-view-common-service-override@25.1.2':
    resolution: {integrity: sha512-4Po/YaHUvVf4VmhVCZmM2lc/flOptiWSM140bIRNpMcfH0VwihYg15CcDeu1Oc+6DaauzsG3u59GtEvlMmJ9Zw==}

  '@codingame/monaco-vscode-view-status-bar-service-override@25.1.2':
    resolution: {integrity: sha512-Jp9ytLaWZ6evabTPtG3Mu3dFx+7WTIPz69BsGpl9PnU0kiSWUqQhPSob0Jz7E2qmMj0ZcNv2Wqvm6bMBu5OyrA==}

  '@codingame/monaco-vscode-view-title-bar-service-override@25.1.2':
    resolution: {integrity: sha512-NVYtTAFR35NV/Fx7tSlbASicvpAjK5A14fmxF7/LJJN8ZmzhA/P3Y+UzhqOQl6/VcPV4pAMU0Z7Sicgwbn37dw==}

  '@codingame/monaco-vscode-views-service-override@25.1.2':
    resolution: {integrity: sha512-LfzlztsvobdP5L5EvJ/rqSEgy5fEVmrkMqRteuhEtNGd4hnmdBoX8W7BNMBPff6d4NfCK74pGHJF57RyT4Iixg==}

  '@codingame/monaco-vscode-workbench-service-override@25.1.2':
    resolution: {integrity: sha512-2LMHr+na03FhOAaXpIGmamq9hf7e4wt2kULn8NqNZRd3i+0v1tx/TSSjGhsA5EkrNrFD7CMSoXayBq8tgpCq/A==}

  '@esbuild/aix-ppc64@0.25.12':
    resolution: {integrity: sha512-Hhmwd6CInZ3dwpuGTF8fJG6yoWmsToE+vYgD4nytZVxcu1ulHpUQRAB1UJ8+N1Am3Mz4+xOByoQoSZf4D+CpkA==}
    engines: {node: '>=18'}
    cpu: [ppc64]
    os: [aix]

  '@esbuild/android-arm64@0.25.12':
    resolution: {integrity: sha512-6AAmLG7zwD1Z159jCKPvAxZd4y/VTO0VkprYy+3N2FtJ8+BQWFXU+OxARIwA46c5tdD9SsKGZ/1ocqBS/gAKHg==}
    engines: {node: '>=18'}
    cpu: [arm64]
    os: [android]

  '@esbuild/android-arm@0.25.12':
    resolution: {integrity: sha512-VJ+sKvNA/GE7Ccacc9Cha7bpS8nyzVv0jdVgwNDaR4gDMC/2TTRc33Ip8qrNYUcpkOHUT5OZ0bUcNNVZQ9RLlg==}
    engines: {node: '>=18'}
    cpu: [arm]
    os: [android]

  '@esbuild/android-x64@0.25.12':
    resolution: {integrity: sha512-5jbb+2hhDHx5phYR2By8GTWEzn6I9UqR11Kwf22iKbNpYrsmRB18aX/9ivc5cabcUiAT/wM+YIZ6SG9QO6a8kg==}
    engines: {node: '>=18'}
    cpu: [x64]
    os: [android]

  '@esbuild/darwin-arm64@0.25.12':
    resolution: {integrity: sha512-N3zl+lxHCifgIlcMUP5016ESkeQjLj/959RxxNYIthIg+CQHInujFuXeWbWMgnTo4cp5XVHqFPmpyu9J65C1Yg==}
    engines: {node: '>=18'}
    cpu: [arm64]
    os: [darwin]

  '@esbuild/darwin-x64@0.25.12':
    resolution: {integrity: sha512-HQ9ka4Kx21qHXwtlTUVbKJOAnmG1ipXhdWTmNXiPzPfWKpXqASVcWdnf2bnL73wgjNrFXAa3yYvBSd9pzfEIpA==}
    engines: {node: '>=18'}
    cpu: [x64]
    os: [darwin]

  '@esbuild/freebsd-arm64@0.25.12':
    resolution: {integrity: sha512-gA0Bx759+7Jve03K1S0vkOu5Lg/85dou3EseOGUes8flVOGxbhDDh/iZaoek11Y8mtyKPGF3vP8XhnkDEAmzeg==}
    engines: {node: '>=18'}
    cpu: [arm64]
    os: [freebsd]

  '@esbuild/freebsd-x64@0.25.12':
    resolution: {integrity: sha512-TGbO26Yw2xsHzxtbVFGEXBFH0FRAP7gtcPE7P5yP7wGy7cXK2oO7RyOhL5NLiqTlBh47XhmIUXuGciXEqYFfBQ==}
    engines: {node: '>=18'}
    cpu: [x64]
    os: [freebsd]

  '@esbuild/linux-arm64@0.25.12':
    resolution: {integrity: sha512-8bwX7a8FghIgrupcxb4aUmYDLp8pX06rGh5HqDT7bB+8Rdells6mHvrFHHW2JAOPZUbnjUpKTLg6ECyzvas2AQ==}
    engines: {node: '>=18'}
    cpu: [arm64]
    os: [linux]

  '@esbuild/linux-arm@0.25.12':
    resolution: {integrity: sha512-lPDGyC1JPDou8kGcywY0YILzWlhhnRjdof3UlcoqYmS9El818LLfJJc3PXXgZHrHCAKs/Z2SeZtDJr5MrkxtOw==}
    engines: {node: '>=18'}
    cpu: [arm]
    os: [linux]

  '@esbuild/linux-ia32@0.25.12':
    resolution: {integrity: sha512-0y9KrdVnbMM2/vG8KfU0byhUN+EFCny9+8g202gYqSSVMonbsCfLjUO+rCci7pM0WBEtz+oK/PIwHkzxkyharA==}
    engines: {node: '>=18'}
    cpu: [ia32]
    os: [linux]

  '@esbuild/linux-loong64@0.25.12':
    resolution: {integrity: sha512-h///Lr5a9rib/v1GGqXVGzjL4TMvVTv+s1DPoxQdz7l/AYv6LDSxdIwzxkrPW438oUXiDtwM10o9PmwS/6Z0Ng==}
    engines: {node: '>=18'}
    cpu: [loong64]
    os: [linux]

  '@esbuild/linux-mips64el@0.25.12':
    resolution: {integrity: sha512-iyRrM1Pzy9GFMDLsXn1iHUm18nhKnNMWscjmp4+hpafcZjrr2WbT//d20xaGljXDBYHqRcl8HnxbX6uaA/eGVw==}
    engines: {node: '>=18'}
    cpu: [mips64el]
    os: [linux]

  '@esbuild/linux-ppc64@0.25.12':
    resolution: {integrity: sha512-9meM/lRXxMi5PSUqEXRCtVjEZBGwB7P/D4yT8UG/mwIdze2aV4Vo6U5gD3+RsoHXKkHCfSxZKzmDssVlRj1QQA==}
    engines: {node: '>=18'}
    cpu: [ppc64]
    os: [linux]

  '@esbuild/linux-riscv64@0.25.12':
    resolution: {integrity: sha512-Zr7KR4hgKUpWAwb1f3o5ygT04MzqVrGEGXGLnj15YQDJErYu/BGg+wmFlIDOdJp0PmB0lLvxFIOXZgFRrdjR0w==}
    engines: {node: '>=18'}
    cpu: [riscv64]
    os: [linux]

  '@esbuild/linux-s390x@0.25.12':
    resolution: {integrity: sha512-MsKncOcgTNvdtiISc/jZs/Zf8d0cl/t3gYWX8J9ubBnVOwlk65UIEEvgBORTiljloIWnBzLs4qhzPkJcitIzIg==}
    engines: {node: '>=18'}
    cpu: [s390x]
    os: [linux]

  '@esbuild/linux-x64@0.25.12':
    resolution: {integrity: sha512-uqZMTLr/zR/ed4jIGnwSLkaHmPjOjJvnm6TVVitAa08SLS9Z0VM8wIRx7gWbJB5/J54YuIMInDquWyYvQLZkgw==}
    engines: {node: '>=18'}
    cpu: [x64]
    os: [linux]

  '@esbuild/netbsd-arm64@0.25.12':
    resolution: {integrity: sha512-xXwcTq4GhRM7J9A8Gv5boanHhRa/Q9KLVmcyXHCTaM4wKfIpWkdXiMog/KsnxzJ0A1+nD+zoecuzqPmCRyBGjg==}
    engines: {node: '>=18'}
    cpu: [arm64]
    os: [netbsd]

  '@esbuild/netbsd-x64@0.25.12':
    resolution: {integrity: sha512-Ld5pTlzPy3YwGec4OuHh1aCVCRvOXdH8DgRjfDy/oumVovmuSzWfnSJg+VtakB9Cm0gxNO9BzWkj6mtO1FMXkQ==}
    engines: {node: '>=18'}
    cpu: [x64]
    os: [netbsd]

  '@esbuild/openbsd-arm64@0.25.12':
    resolution: {integrity: sha512-fF96T6KsBo/pkQI950FARU9apGNTSlZGsv1jZBAlcLL1MLjLNIWPBkj5NlSz8aAzYKg+eNqknrUJ24QBybeR5A==}
    engines: {node: '>=18'}
    cpu: [arm64]
    os: [openbsd]

  '@esbuild/openbsd-x64@0.25.12':
    resolution: {integrity: sha512-MZyXUkZHjQxUvzK7rN8DJ3SRmrVrke8ZyRusHlP+kuwqTcfWLyqMOE3sScPPyeIXN/mDJIfGXvcMqCgYKekoQw==}
    engines: {node: '>=18'}
    cpu: [x64]
    os: [openbsd]

  '@esbuild/openharmony-arm64@0.25.12':
    resolution: {integrity: sha512-rm0YWsqUSRrjncSXGA7Zv78Nbnw4XL6/dzr20cyrQf7ZmRcsovpcRBdhD43Nuk3y7XIoW2OxMVvwuRvk9XdASg==}
    engines: {node: '>=18'}
    cpu: [arm64]
    os: [openharmony]

  '@esbuild/sunos-x64@0.25.12':
    resolution: {integrity: sha512-3wGSCDyuTHQUzt0nV7bocDy72r2lI33QL3gkDNGkod22EsYl04sMf0qLb8luNKTOmgF/eDEDP5BFNwoBKH441w==}
    engines: {node: '>=18'}
    cpu: [x64]
    os: [sunos]

  '@esbuild/win32-arm64@0.25.12':
    resolution: {integrity: sha512-rMmLrur64A7+DKlnSuwqUdRKyd3UE7oPJZmnljqEptesKM8wx9J8gx5u0+9Pq0fQQW8vqeKebwNXdfOyP+8Bsg==}
    engines: {node: '>=18'}
    cpu: [arm64]
    os: [win32]

  '@esbuild/win32-ia32@0.25.12':
    resolution: {integrity: sha512-HkqnmmBoCbCwxUKKNPBixiWDGCpQGVsrQfJoVGYLPT41XWF8lHuE5N6WhVia2n4o5QK5M4tYr21827fNhi4byQ==}
    engines: {node: '>=18'}
    cpu: [ia32]
    os: [win32]

  '@esbuild/win32-x64@0.25.12':
    resolution: {integrity: sha512-alJC0uCZpTFrSL0CCDjcgleBXPnCrEAhTBILpeAp7M/OFgoqtAetfBzX0xM00MUsVVPpVjlPuMbREqnZCXaTnA==}
    engines: {node: '>=18'}
    cpu: [x64]
    os: [win32]

  '@rollup/rollup-android-arm-eabi@4.60.4':
    resolution: {integrity: sha512-F5QXMSiFebS9hKZj02XhWLLnRpJ3B3AROP0tWbFBSj+6kCbg5m9j5JoHKd4mmSVy5mS/IMQloYgYxCuJC0fxEQ==}
    cpu: [arm]
    os: [android]

  '@rollup/rollup-android-arm64@4.60.4':
    resolution: {integrity: sha512-GxxTKApUpzRhof7poWvCJHRF51C67u1R7D6DiluBE8wKU1u5GWE8t+v81JvJYtbawoBFX1hLv5Ei4eVjkWokaw==}
    cpu: [arm64]
    os: [android]

  '@rollup/rollup-darwin-arm64@4.60.4':
    resolution: {integrity: sha512-tua0TaJxMOB1R0V0RS1jFZ/RpURFDJIOR2A6jWwQeawuFyS4gBW+rntLRaQd0EQ4bd6Vp44Z2rXW+YYDBsj6IA==}
    cpu: [arm64]
    os: [darwin]

  '@rollup/rollup-darwin-x64@4.60.4':
    resolution: {integrity: sha512-CSKq7MsP+5PFIcydhAiR1K0UhEI1A2jWXVKHPCBZ151yOutENwvnPocgVHkivu2kviURtCEB6zUQw0vs8RrhMg==}
    cpu: [x64]
    os: [darwin]

  '@rollup/rollup-freebsd-arm64@4.60.4':
    resolution: {integrity: sha512-+O8OkVdyvXMtJEciu2wS/pzm1IxntEEQx3z5TAVy4l32G0etZn+RsA48ARRrFm6Ri8fvqPQfgrvNxSjKAbnd3g==}
    cpu: [arm64]
    os: [freebsd]

  '@rollup/rollup-freebsd-x64@4.60.4':
    resolution: {integrity: sha512-Iw3oMskH3AfNuhU0MSN7vNbdi4me/NiYo2azqPz/Le16zHSa+3RRmliCMWWQmh4lcndccU40xcJuTYJZxNo/lw==}
    cpu: [x64]
    os: [freebsd]

  '@rollup/rollup-linux-arm-gnueabihf@4.60.4':
    resolution: {integrity: sha512-EIPRXTVQpHyF8WOo219AD2yEltPehLTcTMz2fn6JsatLYSzQf00hj3rulF+yauOlF9/FtM2WpkT/hJh/KJFGhA==}
    cpu: [arm]
    os: [linux]
    libc: [glibc]

  '@rollup/rollup-linux-arm-musleabihf@4.60.4':
    resolution: {integrity: sha512-J3Yh9PzzF1Ovah2At+lHiGQdsYgArxBbXv/zHfSyaiFQEqvNv7DcW98pCrmdjCZBrqBiKrKKe2V+aaSGWuBe/w==}
    cpu: [arm]
    os: [linux]
    libc: [musl]

  '@rollup/rollup-linux-arm64-gnu@4.60.4':
    resolution: {integrity: sha512-BFDEZMYfUvLn37ONE1yMBojPxnMlTFsdyNoqncT0qFq1mAfllL+ATMMJd8TeuVMiX84s1KbcxcZbXInmcO2mRg==}
    cpu: [arm64]
    os: [linux]
    libc: [glibc]

  '@rollup/rollup-linux-arm64-musl@4.60.4':
    resolution: {integrity: sha512-pc9EYOSlOgdQ2uPl1o9PF6/kLSgaUosia7gOuS8mB69IxJvlclko1MECXysjs5ryez1/5zjYqx3+xYU0TU6R1A==}
    cpu: [arm64]
    os: [linux]
    libc: [musl]

  '@rollup/rollup-linux-loong64-gnu@4.60.4':
    resolution: {integrity: sha512-NxnomyxYerDh5n4iLrNa+sH+Z+U4BMEE46V2PgQ/hoB909i8gV1M5wPojWg9fk1jWpO3IQnOs20K4wyZuFLEFQ==}
    cpu: [loong64]
    os: [linux]
    libc: [glibc]

  '@rollup/rollup-linux-loong64-musl@4.60.4':
    resolution: {integrity: sha512-nbJnQ8a3z1mtmrwImCYhc6BGpThAyYVRQxw9uKSKG4wR6aAYno9sVjJ0zaZcW9BPJX1GbrDPf+SvdWjgTuDmnw==}
    cpu: [loong64]
    os: [linux]
    libc: [musl]

  '@rollup/rollup-linux-ppc64-gnu@4.60.4':
    resolution: {integrity: sha512-2EU6acNrQLd8tYvo/LXW535wupT3m6fo7HKo6lr7ktQoItxTyOL1ZCR/GfGCuXl2vR+zmfI6eRXkSemafv+iVg==}
    cpu: [ppc64]
    os: [linux]
    libc: [glibc]

  '@rollup/rollup-linux-ppc64-musl@4.60.4':
    resolution: {integrity: sha512-WeBtoMuaMxiiIrO2IYP3xs6GMWkJP2C0EoT8beTLkUPmzV1i/UcOSVw1d5r9KBODtHKilG5yFxsGRnBbK3wJ4A==}
    cpu: [ppc64]
    os: [linux]
    libc: [musl]

  '@rollup/rollup-linux-riscv64-gnu@4.60.4':
    resolution: {integrity: sha512-FJHFfqpKUI3A10WrWKiFbBZ7yVbGT4q4B5o1qKFFojqpaYoh9LrQgqWCmmcxQzVSXYtyB5bzkXrYzlHTs21MYA==}
    cpu: [riscv64]
    os: [linux]
    libc: [glibc]

  '@rollup/rollup-linux-riscv64-musl@4.60.4':
    resolution: {integrity: sha512-mcEl6CUT5IAUmQf1m9FYSmVqCJlpQ8r8eyftFUHG8i9OhY7BkBXSUdnLH5DOf0wCOjcP9v/QO93zpmF1SptCCw==}
    cpu: [riscv64]
    os: [linux]
    libc: [musl]

  '@rollup/rollup-linux-s390x-gnu@4.60.4':
    resolution: {integrity: sha512-ynt3JxVd2w2buzoKDWIyiV1pJW93xlQic1THVLXilz429oijRpSHivZAgp65KBu+cMcgf1eVVjdnTLvPxgCuoQ==}
    cpu: [s390x]
    os: [linux]
    libc: [glibc]

  '@rollup/rollup-linux-x64-gnu@4.60.4':
    resolution: {integrity: sha512-Boiz5+MsaROEWDf+GGEwF8VMHGhlUoQMtIPjOgA5fv4osupqTVnJteQNKJwUcnUog2G55jYXH7KZFFiJe0TEzQ==}
    cpu: [x64]
    os: [linux]
    libc: [glibc]

  '@rollup/rollup-linux-x64-musl@4.60.4':
    resolution: {integrity: sha512-+qfSY27qIrFfI/Hom04KYFw3GKZSGU4lXus51wsb5EuySfFlWRwjkKWoE9emgRw/ukoT4Udsj4W/+xxG8VbPKg==}
    cpu: [x64]
    os: [linux]
    libc: [musl]

  '@rollup/rollup-openbsd-x64@4.60.4':
    resolution: {integrity: sha512-VpTfOPHgVXEBeeR8hZ2O0F3aSso+JDWqTWmTmzcQKted54IAdUVbxE+j/MVxUsKa8L20HJhv3vUezVPoquqWjA==}
    cpu: [x64]
    os: [openbsd]

  '@rollup/rollup-openharmony-arm64@4.60.4':
    resolution: {integrity: sha512-IPOsh5aRYuLv/nkU51X10Bf75Bsf6+gZdx1X+QP5QM6lIJFHHqbHLG0uJn/hWthzo13UAc2umiUorqZy3axoZg==}
    cpu: [arm64]
    os: [openharmony]

  '@rollup/rollup-win32-arm64-msvc@4.60.4':
    resolution: {integrity: sha512-4QzE9E81OohJ/HKzHhsqU+zcYYojVOXlFMs1DdyMT6qXl/niOH7AVElmmEdUNHHS/oRkc++d5k6Vy85zFs0DEw==}
    cpu: [arm64]
    os: [win32]

  '@rollup/rollup-win32-ia32-msvc@4.60.4':
    resolution: {integrity: sha512-zTPgT1YuHHcd+Tmx7h8aml0FWFVelV5N54oHow9SLj+GfoDy/huQ+UV396N/C7KpMDMiPspRktzM1/0r1usYEA==}
    cpu: [ia32]
    os: [win32]

  '@rollup/rollup-win32-x64-gnu@4.60.4':
    resolution: {integrity: sha512-DRS4G7mi9lJxqEDezIkKCaUIKCrLUUDCUaCsTPCi/rtqaC6D/jjwslMQyiDU50Ka0JKpeXeRBFBAXwArY52vBw==}
    cpu: [x64]
    os: [win32]

  '@rollup/rollup-win32-x64-msvc@4.60.4':
    resolution: {integrity: sha512-QVTUovf40zgTqlFVrKA1uXMVvU2QWEFWfAH8Wdc48IxLvrJMQVMBRjuQyUpzZCDkakImib9eVazbWlC6ksWtJw==}
    cpu: [x64]
    os: [win32]

  '@types/estree@1.0.8':
    resolution: {integrity: sha512-dWHzHa2WqEXI/O1E9OjrocMTKJl2mSrEolh1Iomrv6U+JuNwaHXsXx9bLu5gG7BUWFIN0skIQJQ/L1rIex4X6w==}

  '@types/trusted-types@2.0.7':
    resolution: {integrity: sha512-ScaPdn1dQczgbl0QFTeTOmVHFULt394XJgOQNoyVhZ6r2vLnMLJfBPd53SB52T/3G36VI1/g2MZaX0cwDuXsfw==}

  '@vscode/iconv-lite-umd@0.7.1':
    resolution: {integrity: sha512-tK6k0DXFHW7q5+GGuGZO+phpAqpxO4WXl+BLc/8/uOk3RsM2ssAL3CQUQDb1TGfwltjsauhN6S4ghYZzs4sPFw==}

  balanced-match@1.0.2:
    resolution: {integrity: sha512-3oSeUO0TMV67hN1AmbXsK4yaqU7tjiHlbxRDZOpH0KW9+CeX4bRAaX0Anxt0tx2MrpRpWwQaPwIlISEJhYU5Pw==}

  brace-expansion@2.1.1:
    resolution: {integrity: sha512-WR1cURNjuvBLMZBMbqM0UoE+WAfdUcEV1ccD8PVBVOI+Z3ND4+SZbN8RsfT2bMuG1qwz5RFvPukSZm5fF2D5eA==}

  dompurify@3.3.1:
    resolution: {integrity: sha512-qkdCKzLNtrgPFP1Vo+98FRzJnBRGe4ffyCea9IwHB1fyxPOeNTHpLKYGd4Uk9xvNoH0ZoOjwZxNptyMwqrId1Q==}

  esbuild@0.25.12:
    resolution: {integrity: sha512-bbPBYYrtZbkt6Os6FiTLCTFxvq4tt3JKall1vRwshA3fdVztsLAatFaZobhkBC8/BrPetoa0oksYoKXoG4ryJg==}
    engines: {node: '>=18'}
    hasBin: true

  fdir@6.5.0:
    resolution: {integrity: sha512-tIbYtZbucOs0BRGqPJkshJUYdL+SDH7dVM8gjy+ERp3WAUjLEFJE+02kanyHtwjWOnwrKYBiwAmM0p4kLJAnXg==}
    engines: {node: '>=12.0.0'}
    peerDependencies:
      picomatch: ^3 || ^4
    peerDependenciesMeta:
      picomatch:
        optional: true

  fsevents@2.3.3:
    resolution: {integrity: sha512-5xoDfX+fL7faATnagmWPpbFtwh/R77WmMMqqHGS65C3vvB0YHrgF+B1YmZ3441tMj5n63k0212XNoJwzlhffQw==}
    engines: {node: ^8.16.0 || ^10.6.0 || >=11.0.0}
    os: [darwin]

  jschardet@3.1.4:
    resolution: {integrity: sha512-/kmVISmrwVwtyYU40iQUOp3SUPk2dhNCMsZBQX0R1/jZ8maaXJ/oZIzUOiyOqcgtLnETFKYChbJ5iDC/eWmFHg==}
    engines: {node: '>=0.1.90'}

  marked@14.0.0:
    resolution: {integrity: sha512-uIj4+faQ+MgHgwUW1l2PsPglZLOLOT1uErt06dAPtx2kjteLAkbsd/0FiYg/MGS+i7ZKLb7w2WClxHkzOOuryQ==}
    engines: {node: '>= 18'}
    hasBin: true

  minimatch@5.1.9:
    resolution: {integrity: sha512-7o1wEA2RyMP7Iu7GNba9vc0RWWGACJOCZBJX2GJWip0ikV+wcOsgVuY9uE8CPiyQhkGFSlhuSkZPavN7u1c2Fw==}
    engines: {node: '>=10'}

  monaco-editor@0.52.2:
    resolution: {integrity: sha512-GEQWEZmfkOGLdd3XK8ryrfWz3AIP8YymVXiPHEdewrUq7mh0qrKrfHLNCXcbB6sTnMLnOZ3ztSiKcciFUkIJwQ==}

  monaco-languageclient@10.7.0:
    resolution: {integrity: sha512-oA5cOFixkF4bspVL2zMSn48LvlNR/Cu3vJ8MCVam3PdjobSULGgHtOASuZIi3FgWK42X1z8/6hrG0LCjvNu1Hw==}
    engines: {node: '>=20.10.0', npm: '>=10.2.3'}

  nanoid@3.3.12:
    resolution: {integrity: sha512-ZB9RH/39qpq5Vu6Y+NmUaFhQR6pp+M2Xt76XBnEwDaGcVAqhlvxrl3B2bKS5D3NH3QR76v3aSrKaF/Kiy7lEtQ==}
    engines: {node: ^10 || ^12 || ^13.7 || ^14 || >=15.0.1}
    hasBin: true

  picocolors@1.1.1:
    resolution: {integrity: sha512-xceH2snhtb5M9liqDsmEw56le376mTZkEX/jEb/RxNFyegNul7eNslCXP9FDj/Lcu0X8KEyMceP2ntpaHrDEVA==}

  picomatch@4.0.4:
    resolution: {integrity: sha512-QP88BAKvMam/3NxH6vj2o21R6MjxZUAd6nlwAS/pnGvN9IVLocLHxGYIzFhg6fUQ+5th6P4dv4eW9jX3DSIj7A==}
    engines: {node: '>=12'}

  postcss@8.5.15:
    resolution: {integrity: sha512-FfR8sjd4em2T6fb3I2MwAJU7HWVMr9zba+enmQeeWFfCbm+UOC/0X4DS8XtpUTMwWMGbjKYP7xjfNekzyGmB3A==}
    engines: {node: ^10 || ^12 || >=14}

  rollup@4.60.4:
    resolution: {integrity: sha512-WHeFSbZYsPu3+bLoNRUuAO+wavNlocOPf3wSHTP7hcFKVnJeWsYlCDbr3mTS14FCizf9ccIxXA8sGL8zKeQN3g==}
    engines: {node: '>=18.0.0', npm: '>=8.0.0'}
    hasBin: true

  semver@7.8.1:
    resolution: {integrity: sha512-rkVq3IXh+4FDGch+KwzX3aV9W3kO54GyEgpvBzSyctDA6Xtd7RJQV1xmXbeQp5v7+VzLOfVqiutSE6GICgPFvg==}
    engines: {node: '>=10'}
    hasBin: true

  source-map-js@1.2.1:
    resolution: {integrity: sha512-UXWMKhLOwVKb728IUtQPXxfYU+usdybtUrK/8uGE8CQMvrhOpwvzDBwj0QhSL7MQc7vIsISBG8VQ8+IDQxpfQA==}
    engines: {node: '>=0.10.0'}

  tinyglobby@0.2.16:
    resolution: {integrity: sha512-pn99VhoACYR8nFHhxqix+uvsbXineAasWm5ojXoN8xEwK5Kd3/TrhNn1wByuD52UxWRLy8pu+kRMniEi6Eq9Zg==}
    engines: {node: '>=12.0.0'}

  typescript@5.9.3:
    resolution: {integrity: sha512-jl1vZzPDinLr9eUt3J/t7V6FgNEw9QjvBPdysz9KfQDD41fQrC2Y4vKQdiaUpFT4bXlb1RHhLpp8wtm6M5TgSw==}
    engines: {node: '>=14.17'}
    hasBin: true

  vite@6.4.2:
    resolution: {integrity: sha512-2N/55r4JDJ4gdrCvGgINMy+HH3iRpNIz8K6SFwVsA+JbQScLiC+clmAxBgwiSPgcG9U15QmvqCGWzMbqda5zGQ==}
    engines: {node: ^18.0.0 || ^20.0.0 || >=22.0.0}
    hasBin: true
    peerDependencies:
      '@types/node': ^18.0.0 || ^20.0.0 || >=22.0.0
      jiti: '>=1.21.0'
      less: '*'
      lightningcss: ^1.21.0
      sass: '*'
      sass-embedded: '*'
      stylus: '*'
      sugarss: '*'
      terser: ^5.16.0
      tsx: ^4.8.1
      yaml: ^2.4.2
    peerDependenciesMeta:
      '@types/node':
        optional: true
      jiti:
        optional: true
      less:
        optional: true
      lightningcss:
        optional: true
      sass:
        optional: true
      sass-embedded:
        optional: true
      stylus:
        optional: true
      sugarss:
        optional: true
      terser:
        optional: true
      tsx:
        optional: true
      yaml:
        optional: true

  vscode-jsonrpc@8.2.0:
    resolution: {integrity: sha512-C+r0eKJUIfiDIfwJhria30+TYWPtuHJXHtI7J0YlOmKAo7ogxP20T0zxB7HZQIFhIyvoBPwWskjxrvAtfjyZfA==}
    engines: {node: '>=14.0.0'}

  vscode-jsonrpc@8.2.1:
    resolution: {integrity: sha512-kdjOSJ2lLIn7r1rtrMbbNCHjyMPfRnowdKjBQ+mGq6NAW5QY2bEZC/khaC5OR8svbbjvLEaIXkOq45e2X9BIbQ==}
    engines: {node: '>=14.0.0'}

  vscode-languageclient@9.0.1:
    resolution: {integrity: sha512-JZiimVdvimEuHh5olxhxkht09m3JzUGwggb5eRUkzzJhZ2KjCN0nh55VfiED9oez9DyF8/fz1g1iBV3h+0Z2EA==}
    engines: {vscode: ^1.82.0}

  vscode-languageserver-protocol@3.17.5:
    resolution: {integrity: sha512-mb1bvRJN8SVznADSGWM9u/b07H7Ecg0I3OgXDuLdn307rl/J3A9YD6/eYOssqhecL27hK1IPZAsaqh00i/Jljg==}

  vscode-languageserver-types@3.17.5:
    resolution: {integrity: sha512-Ld1VelNuX9pdF39h2Hgaeb5hEZM2Z3jUrrMgWQAu82jMtZp7p3vJT3BzToKtZI7NgQssZje5o0zryOrhQvzQAg==}

  vscode-ws-jsonrpc@3.5.0:
    resolution: {integrity: sha512-13ZDy7Od4AfEPK2HIfY3DtyRi4FVsvFql1yobVJrpIoHOKGGJpIjVvIJpMxkrHzCZzWlYlg+WEu2hrYkCTvM0Q==}
    engines: {node: '>=20.10.0', npm: '>=10.2.3'}

snapshots:

  '@bearcove/vox-core@0.8.2':
    dependencies:
      '@bearcove/vox-postcard': 0.8.2
      '@bearcove/vox-wire': 0.8.2

  '@bearcove/vox-postcard@0.8.2': {}

  '@bearcove/vox-tcp@0.8.2':
    dependencies:
      '@bearcove/vox-core': 0.8.2

  '@bearcove/vox-wire@0.8.2':
    dependencies:
      '@bearcove/vox-postcard': 0.8.2

  '@bearcove/vox-ws@0.8.2':
    dependencies:
      '@bearcove/vox-core': 0.8.2
      '@bearcove/vox-tcp': 0.8.2

  '@codingame/monaco-vscode-api@25.1.2':
    dependencies:
      '@codingame/monaco-vscode-base-service-override': 25.1.2
      '@codingame/monaco-vscode-environment-service-override': 25.1.2
      '@codingame/monaco-vscode-extensions-service-override': 25.1.2
      '@codingame/monaco-vscode-files-service-override': 25.1.2
      '@codingame/monaco-vscode-host-service-override': 25.1.2
      '@codingame/monaco-vscode-layout-service-override': 25.1.2
      '@codingame/monaco-vscode-quickaccess-service-override': 25.1.2
      '@vscode/iconv-lite-umd': 0.7.1
      dompurify: 3.3.1
      jschardet: 3.1.4
      marked: 14.0.0

  '@codingame/monaco-vscode-base-service-override@25.1.2':
    dependencies:
      '@codingame/monaco-vscode-api': 25.1.2

  '@codingame/monaco-vscode-bulk-edit-service-override@25.1.2':
    dependencies:
      '@codingame/monaco-vscode-api': 25.1.2

  '@codingame/monaco-vscode-configuration-service-override@25.1.2':
    dependencies:
      '@codingame/monaco-vscode-api': 25.1.2
      '@codingame/monaco-vscode-files-service-override': 25.1.2

  '@codingame/monaco-vscode-editor-api@25.1.2':
    dependencies:
      '@codingame/monaco-vscode-api': 25.1.2

  '@codingame/monaco-vscode-editor-service-override@25.1.2':
    dependencies:
      '@codingame/monaco-vscode-api': 25.1.2

  '@codingame/monaco-vscode-environment-service-override@25.1.2':
    dependencies:
      '@codingame/monaco-vscode-api': 25.1.2

  '@codingame/monaco-vscode-extension-api@25.1.2':
    dependencies:
      '@codingame/monaco-vscode-api': 25.1.2
      '@codingame/monaco-vscode-extensions-service-override': 25.1.2

  '@codingame/monaco-vscode-extensions-service-override@25.1.2':
    dependencies:
      '@codingame/monaco-vscode-api': 25.1.2
      '@codingame/monaco-vscode-files-service-override': 25.1.2

  '@codingame/monaco-vscode-files-service-override@25.1.2':
    dependencies:
      '@codingame/monaco-vscode-api': 25.1.2

  '@codingame/monaco-vscode-host-service-override@25.1.2':
    dependencies:
      '@codingame/monaco-vscode-api': 25.1.2

  '@codingame/monaco-vscode-keybindings-service-override@25.1.2':
    dependencies:
      '@codingame/monaco-vscode-api': 25.1.2
      '@codingame/monaco-vscode-files-service-override': 25.1.2

  '@codingame/monaco-vscode-language-pack-cs@25.1.2':
    dependencies:
      '@codingame/monaco-vscode-api': 25.1.2

  '@codingame/monaco-vscode-language-pack-de@25.1.2':
    dependencies:
      '@codingame/monaco-vscode-api': 25.1.2

  '@codingame/monaco-vscode-language-pack-es@25.1.2':
    dependencies:
      '@codingame/monaco-vscode-api': 25.1.2

  '@codingame/monaco-vscode-language-pack-fr@25.1.2':
    dependencies:
      '@codingame/monaco-vscode-api': 25.1.2

  '@codingame/monaco-vscode-language-pack-it@25.1.2':
    dependencies:
      '@codingame/monaco-vscode-api': 25.1.2

  '@codingame/monaco-vscode-language-pack-ja@25.1.2':
    dependencies:
      '@codingame/monaco-vscode-api': 25.1.2

  '@codingame/monaco-vscode-language-pack-ko@25.1.2':
    dependencies:
      '@codingame/monaco-vscode-api': 25.1.2

  '@codingame/monaco-vscode-language-pack-pl@25.1.2':
    dependencies:
      '@codingame/monaco-vscode-api': 25.1.2

  '@codingame/monaco-vscode-language-pack-pt-br@25.1.2':
    dependencies:
      '@codingame/monaco-vscode-api': 25.1.2

  '@codingame/monaco-vscode-language-pack-qps-ploc@25.1.2':
    dependencies:
      '@codingame/monaco-vscode-api': 25.1.2

  '@codingame/monaco-vscode-language-pack-ru@25.1.2':
    dependencies:
      '@codingame/monaco-vscode-api': 25.1.2

  '@codingame/monaco-vscode-language-pack-tr@25.1.2':
    dependencies:
      '@codingame/monaco-vscode-api': 25.1.2

  '@codingame/monaco-vscode-language-pack-zh-hans@25.1.2':
    dependencies:
      '@codingame/monaco-vscode-api': 25.1.2

  '@codingame/monaco-vscode-language-pack-zh-hant@25.1.2':
    dependencies:
      '@codingame/monaco-vscode-api': 25.1.2

  '@codingame/monaco-vscode-languages-service-override@25.1.2':
    dependencies:
      '@codingame/monaco-vscode-api': 25.1.2
      '@codingame/monaco-vscode-files-service-override': 25.1.2

  '@codingame/monaco-vscode-layout-service-override@25.1.2':
    dependencies:
      '@codingame/monaco-vscode-api': 25.1.2

  '@codingame/monaco-vscode-localization-service-override@25.1.2':
    dependencies:
      '@codingame/monaco-vscode-api': 25.1.2

  '@codingame/monaco-vscode-log-service-override@25.1.2':
    dependencies:
      '@codingame/monaco-vscode-api': 25.1.2
      '@codingame/monaco-vscode-environment-service-override': 25.1.2

  '@codingame/monaco-vscode-model-service-override@25.1.2':
    dependencies:
      '@codingame/monaco-vscode-api': 25.1.2

  '@codingame/monaco-vscode-monarch-service-override@25.1.2':
    dependencies:
      '@codingame/monaco-vscode-api': 25.1.2

  '@codingame/monaco-vscode-quickaccess-service-override@25.1.2':
    dependencies:
      '@codingame/monaco-vscode-api': 25.1.2

  '@codingame/monaco-vscode-textmate-service-override@25.1.2':
    dependencies:
      '@codingame/monaco-vscode-api': 25.1.2
      '@codingame/monaco-vscode-files-service-override': 25.1.2

  '@codingame/monaco-vscode-theme-defaults-default-extension@25.1.2':
    dependencies:
      '@codingame/monaco-vscode-api': 25.1.2

  '@codingame/monaco-vscode-theme-service-override@25.1.2':
    dependencies:
      '@codingame/monaco-vscode-api': 25.1.2
      '@codingame/monaco-vscode-files-service-override': 25.1.2

  '@codingame/monaco-vscode-view-banner-service-override@25.1.2':
    dependencies:
      '@codingame/monaco-vscode-api': 25.1.2

  '@codingame/monaco-vscode-view-common-service-override@25.1.2':
    dependencies:
      '@codingame/monaco-vscode-api': 25.1.2
      '@codingame/monaco-vscode-bulk-edit-service-override': 25.1.2

  '@codingame/monaco-vscode-view-status-bar-service-override@25.1.2':
    dependencies:
      '@codingame/monaco-vscode-api': 25.1.2

  '@codingame/monaco-vscode-view-title-bar-service-override@25.1.2':
    dependencies:
      '@codingame/monaco-vscode-api': 25.1.2

  '@codingame/monaco-vscode-views-service-override@25.1.2':
    dependencies:
      '@codingame/monaco-vscode-api': 25.1.2
      '@codingame/monaco-vscode-keybindings-service-override': 25.1.2
      '@codingame/monaco-vscode-layout-service-override': 25.1.2
      '@codingame/monaco-vscode-quickaccess-service-override': 25.1.2
      '@codingame/monaco-vscode-view-common-service-override': 25.1.2

  '@codingame/monaco-vscode-workbench-service-override@25.1.2':
    dependencies:
      '@codingame/monaco-vscode-api': 25.1.2
      '@codingame/monaco-vscode-keybindings-service-override': 25.1.2
      '@codingame/monaco-vscode-quickaccess-service-override': 25.1.2
      '@codingame/monaco-vscode-view-banner-service-override': 25.1.2
      '@codingame/monaco-vscode-view-common-service-override': 25.1.2
      '@codingame/monaco-vscode-view-status-bar-service-override': 25.1.2
      '@codingame/monaco-vscode-view-title-bar-service-override': 25.1.2

  '@esbuild/aix-ppc64@0.25.12':
    optional: true

  '@esbuild/android-arm64@0.25.12':
    optional: true

  '@esbuild/android-arm@0.25.12':
    optional: true

  '@esbuild/android-x64@0.25.12':
    optional: true

  '@esbuild/darwin-arm64@0.25.12':
    optional: true

  '@esbuild/darwin-x64@0.25.12':
    optional: true

  '@esbuild/freebsd-arm64@0.25.12':
    optional: true

  '@esbuild/freebsd-x64@0.25.12':
    optional: true

  '@esbuild/linux-arm64@0.25.12':
    optional: true

  '@esbuild/linux-arm@0.25.12':
    optional: true

  '@esbuild/linux-ia32@0.25.12':
    optional: true

  '@esbuild/linux-loong64@0.25.12':
    optional: true

  '@esbuild/linux-mips64el@0.25.12':
    optional: true

  '@esbuild/linux-ppc64@0.25.12':
    optional: true

  '@esbuild/linux-riscv64@0.25.12':
    optional: true

  '@esbuild/linux-s390x@0.25.12':
    optional: true

  '@esbuild/linux-x64@0.25.12':
    optional: true

  '@esbuild/netbsd-arm64@0.25.12':
    optional: true

  '@esbuild/netbsd-x64@0.25.12':
    optional: true

  '@esbuild/openbsd-arm64@0.25.12':
    optional: true

  '@esbuild/openbsd-x64@0.25.12':
    optional: true

  '@esbuild/openharmony-arm64@0.25.12':
    optional: true

  '@esbuild/sunos-x64@0.25.12':
    optional: true

  '@esbuild/win32-arm64@0.25.12':
    optional: true

  '@esbuild/win32-ia32@0.25.12':
    optional: true

  '@esbuild/win32-x64@0.25.12':
    optional: true

  '@rollup/rollup-android-arm-eabi@4.60.4':
    optional: true

  '@rollup/rollup-android-arm64@4.60.4':
    optional: true

  '@rollup/rollup-darwin-arm64@4.60.4':
    optional: true

  '@rollup/rollup-darwin-x64@4.60.4':
    optional: true

  '@rollup/rollup-freebsd-arm64@4.60.4':
    optional: true

  '@rollup/rollup-freebsd-x64@4.60.4':
    optional: true

  '@rollup/rollup-linux-arm-gnueabihf@4.60.4':
    optional: true

  '@rollup/rollup-linux-arm-musleabihf@4.60.4':
    optional: true

  '@rollup/rollup-linux-arm64-gnu@4.60.4':
    optional: true

  '@rollup/rollup-linux-arm64-musl@4.60.4':
    optional: true

  '@rollup/rollup-linux-loong64-gnu@4.60.4':
    optional: true

  '@rollup/rollup-linux-loong64-musl@4.60.4':
    optional: true

  '@rollup/rollup-linux-ppc64-gnu@4.60.4':
    optional: true

  '@rollup/rollup-linux-ppc64-musl@4.60.4':
    optional: true

  '@rollup/rollup-linux-riscv64-gnu@4.60.4':
    optional: true

  '@rollup/rollup-linux-riscv64-musl@4.60.4':
    optional: true

  '@rollup/rollup-linux-s390x-gnu@4.60.4':
    optional: true

  '@rollup/rollup-linux-x64-gnu@4.60.4':
    optional: true

  '@rollup/rollup-linux-x64-musl@4.60.4':
    optional: true

  '@rollup/rollup-openbsd-x64@4.60.4':
    optional: true

  '@rollup/rollup-openharmony-arm64@4.60.4':
    optional: true

  '@rollup/rollup-win32-arm64-msvc@4.60.4':
    optional: true

  '@rollup/rollup-win32-ia32-msvc@4.60.4':
    optional: true

  '@rollup/rollup-win32-x64-gnu@4.60.4':
    optional: true

  '@rollup/rollup-win32-x64-msvc@4.60.4':
    optional: true

  '@types/estree@1.0.8': {}

  '@types/trusted-types@2.0.7':
    optional: true

  '@vscode/iconv-lite-umd@0.7.1': {}

  balanced-match@1.0.2: {}

  brace-expansion@2.1.1:
    dependencies:
      balanced-match: 1.0.2

  dompurify@3.3.1:
    optionalDependencies:
      '@types/trusted-types': 2.0.7

  esbuild@0.25.12:
    optionalDependencies:
      '@esbuild/aix-ppc64': 0.25.12
      '@esbuild/android-arm': 0.25.12
      '@esbuild/android-arm64': 0.25.12
      '@esbuild/android-x64': 0.25.12
      '@esbuild/darwin-arm64': 0.25.12
      '@esbuild/darwin-x64': 0.25.12
      '@esbuild/freebsd-arm64': 0.25.12
      '@esbuild/freebsd-x64': 0.25.12
      '@esbuild/linux-arm': 0.25.12
      '@esbuild/linux-arm64': 0.25.12
      '@esbuild/linux-ia32': 0.25.12
      '@esbuild/linux-loong64': 0.25.12
      '@esbuild/linux-mips64el': 0.25.12
      '@esbuild/linux-ppc64': 0.25.12
      '@esbuild/linux-riscv64': 0.25.12
      '@esbuild/linux-s390x': 0.25.12
      '@esbuild/linux-x64': 0.25.12
      '@esbuild/netbsd-arm64': 0.25.12
      '@esbuild/netbsd-x64': 0.25.12
      '@esbuild/openbsd-arm64': 0.25.12
      '@esbuild/openbsd-x64': 0.25.12
      '@esbuild/openharmony-arm64': 0.25.12
      '@esbuild/sunos-x64': 0.25.12
      '@esbuild/win32-arm64': 0.25.12
      '@esbuild/win32-ia32': 0.25.12
      '@esbuild/win32-x64': 0.25.12

  fdir@6.5.0(picomatch@4.0.4):
    optionalDependencies:
      picomatch: 4.0.4

  fsevents@2.3.3:
    optional: true

  jschardet@3.1.4: {}

  marked@14.0.0: {}

  minimatch@5.1.9:
    dependencies:
      brace-expansion: 2.1.1

  monaco-editor@0.52.2: {}

  monaco-languageclient@10.7.0:
    dependencies:
      '@codingame/monaco-vscode-api': 25.1.2
      '@codingame/monaco-vscode-configuration-service-override': 25.1.2
      '@codingame/monaco-vscode-editor-api': 25.1.2
      '@codingame/monaco-vscode-editor-service-override': 25.1.2
      '@codingame/monaco-vscode-extension-api': 25.1.2
      '@codingame/monaco-vscode-extensions-service-override': 25.1.2
      '@codingame/monaco-vscode-language-pack-cs': 25.1.2
      '@codingame/monaco-vscode-language-pack-de': 25.1.2
      '@codingame/monaco-vscode-language-pack-es': 25.1.2
      '@codingame/monaco-vscode-language-pack-fr': 25.1.2
      '@codingame/monaco-vscode-language-pack-it': 25.1.2
      '@codingame/monaco-vscode-language-pack-ja': 25.1.2
      '@codingame/monaco-vscode-language-pack-ko': 25.1.2
      '@codingame/monaco-vscode-language-pack-pl': 25.1.2
      '@codingame/monaco-vscode-language-pack-pt-br': 25.1.2
      '@codingame/monaco-vscode-language-pack-qps-ploc': 25.1.2
      '@codingame/monaco-vscode-language-pack-ru': 25.1.2
      '@codingame/monaco-vscode-language-pack-tr': 25.1.2
      '@codingame/monaco-vscode-language-pack-zh-hans': 25.1.2
      '@codingame/monaco-vscode-language-pack-zh-hant': 25.1.2
      '@codingame/monaco-vscode-languages-service-override': 25.1.2
      '@codingame/monaco-vscode-localization-service-override': 25.1.2
      '@codingame/monaco-vscode-log-service-override': 25.1.2
      '@codingame/monaco-vscode-model-service-override': 25.1.2
      '@codingame/monaco-vscode-monarch-service-override': 25.1.2
      '@codingame/monaco-vscode-textmate-service-override': 25.1.2
      '@codingame/monaco-vscode-theme-defaults-default-extension': 25.1.2
      '@codingame/monaco-vscode-theme-service-override': 25.1.2
      '@codingame/monaco-vscode-views-service-override': 25.1.2
      '@codingame/monaco-vscode-workbench-service-override': 25.1.2
      vscode: '@codingame/monaco-vscode-extension-api@25.1.2'
      vscode-languageclient: 9.0.1
      vscode-languageserver-protocol: 3.17.5
      vscode-ws-jsonrpc: 3.5.0

  nanoid@3.3.12: {}

  picocolors@1.1.1: {}

  picomatch@4.0.4: {}

  postcss@8.5.15:
    dependencies:
      nanoid: 3.3.12
      picocolors: 1.1.1
      source-map-js: 1.2.1

  rollup@4.60.4:
    dependencies:
      '@types/estree': 1.0.8
    optionalDependencies:
      '@rollup/rollup-android-arm-eabi': 4.60.4
      '@rollup/rollup-android-arm64': 4.60.4
      '@rollup/rollup-darwin-arm64': 4.60.4
      '@rollup/rollup-darwin-x64': 4.60.4
      '@rollup/rollup-freebsd-arm64': 4.60.4
      '@rollup/rollup-freebsd-x64': 4.60.4
      '@rollup/rollup-linux-arm-gnueabihf': 4.60.4
      '@rollup/rollup-linux-arm-musleabihf': 4.60.4
      '@rollup/rollup-linux-arm64-gnu': 4.60.4
      '@rollup/rollup-linux-arm64-musl': 4.60.4
      '@rollup/rollup-linux-loong64-gnu': 4.60.4
      '@rollup/rollup-linux-loong64-musl': 4.60.4
      '@rollup/rollup-linux-ppc64-gnu': 4.60.4
      '@rollup/rollup-linux-ppc64-musl': 4.60.4
      '@rollup/rollup-linux-riscv64-gnu': 4.60.4
      '@rollup/rollup-linux-riscv64-musl': 4.60.4
      '@rollup/rollup-linux-s390x-gnu': 4.60.4
      '@rollup/rollup-linux-x64-gnu': 4.60.4
      '@rollup/rollup-linux-x64-musl': 4.60.4
      '@rollup/rollup-openbsd-x64': 4.60.4
      '@rollup/rollup-openharmony-arm64': 4.60.4
      '@rollup/rollup-win32-arm64-msvc': 4.60.4
      '@rollup/rollup-win32-ia32-msvc': 4.60.4
      '@rollup/rollup-win32-x64-gnu': 4.60.4
      '@rollup/rollup-win32-x64-msvc': 4.60.4
      fsevents: 2.3.3

  semver@7.8.1: {}

  source-map-js@1.2.1: {}

  tinyglobby@0.2.16:
    dependencies:
      fdir: 6.5.0(picomatch@4.0.4)
      picomatch: 4.0.4

  typescript@5.9.3: {}

  vite@6.4.2:
    dependencies:
      esbuild: 0.25.12
      fdir: 6.5.0(picomatch@4.0.4)
      picomatch: 4.0.4
      postcss: 8.5.15
      rollup: 4.60.4
      tinyglobby: 0.2.16
    optionalDependencies:
      fsevents: 2.3.3

  vscode-jsonrpc@8.2.0: {}

  vscode-jsonrpc@8.2.1: {}

  vscode-languageclient@9.0.1:
    dependencies:
      minimatch: 5.1.9
      semver: 7.8.1
      vscode-languageserver-protocol: 3.17.5

  vscode-languageserver-protocol@3.17.5:
    dependencies:
      vscode-jsonrpc: 8.2.0
      vscode-languageserver-types: 3.17.5

  vscode-languageserver-types@3.17.5: {}

  vscode-ws-jsonrpc@3.5.0:
    dependencies:
      vscode-jsonrpc: 8.2.1
