lockfileVersion: '9.0'

settings:
  autoInstallPeers: true
  excludeLinksFromLockfile: false

overrides:
  monaco-editor: npm:@codingame/monaco-vscode-editor-api@31.0.1
  '@codingame/monaco-vscode-api': 31.0.1
  '@codingame/monaco-vscode-base-service-override': 31.0.1
  '@codingame/monaco-vscode-bulk-edit-service-override': 31.0.1
  '@codingame/monaco-vscode-configuration-service-override': 31.0.1
  '@codingame/monaco-vscode-editor-api': 31.0.1
  '@codingame/monaco-vscode-editor-service-override': 31.0.1
  '@codingame/monaco-vscode-environment-service-override': 31.0.1
  '@codingame/monaco-vscode-extension-api': 31.0.1
  '@codingame/monaco-vscode-extensions-service-override': 31.0.1
  '@codingame/monaco-vscode-files-service-override': 31.0.1
  '@codingame/monaco-vscode-host-service-override': 31.0.1
  '@codingame/monaco-vscode-keybindings-service-override': 31.0.1
  '@codingame/monaco-vscode-language-pack-cs': 31.0.1
  '@codingame/monaco-vscode-language-pack-de': 31.0.1
  '@codingame/monaco-vscode-language-pack-es': 31.0.1
  '@codingame/monaco-vscode-language-pack-fr': 31.0.1
  '@codingame/monaco-vscode-language-pack-it': 31.0.1
  '@codingame/monaco-vscode-language-pack-ja': 31.0.1
  '@codingame/monaco-vscode-language-pack-ko': 31.0.1
  '@codingame/monaco-vscode-language-pack-pl': 31.0.1
  '@codingame/monaco-vscode-language-pack-pt-br': 31.0.1
  '@codingame/monaco-vscode-language-pack-qps-ploc': 31.0.1
  '@codingame/monaco-vscode-language-pack-ru': 31.0.1
  '@codingame/monaco-vscode-language-pack-tr': 31.0.1
  '@codingame/monaco-vscode-language-pack-zh-hans': 31.0.1
  '@codingame/monaco-vscode-language-pack-zh-hant': 31.0.1
  '@codingame/monaco-vscode-languages-service-override': 31.0.1
  '@codingame/monaco-vscode-layout-service-override': 31.0.1
  '@codingame/monaco-vscode-localization-service-override': 31.0.1
  '@codingame/monaco-vscode-log-service-override': 31.0.1
  '@codingame/monaco-vscode-model-service-override': 31.0.1
  '@codingame/monaco-vscode-monarch-service-override': 31.0.1
  '@codingame/monaco-vscode-quickaccess-service-override': 31.0.1
  '@codingame/monaco-vscode-textmate-service-override': 31.0.1
  '@codingame/monaco-vscode-theme-defaults-default-extension': 31.0.1
  '@codingame/monaco-vscode-theme-service-override': 31.0.1
  '@codingame/monaco-vscode-view-banner-service-override': 31.0.1
  '@codingame/monaco-vscode-view-common-service-override': 31.0.1
  '@codingame/monaco-vscode-view-status-bar-service-override': 31.0.1
  '@codingame/monaco-vscode-view-title-bar-service-override': 31.0.1
  '@codingame/monaco-vscode-views-service-override': 31.0.1
  '@codingame/monaco-vscode-workbench-service-override': 31.0.1
  vscode: npm:@codingame/monaco-vscode-extension-api@31.0.1

importers:

  .:
    dependencies:
      '@arborium/arborium':
        specifier: ^2.18.0
        version: 2.18.0
      '@bearcove/phon-schema':
        specifier: 0.2.0-rc.0
        version: 0.2.0-rc.0
      '@bearcove/vox-core':
        specifier: 0.10.0-rc.0
        version: 0.10.0-rc.0
      '@bearcove/vox-ws':
        specifier: 0.10.0-rc.0
        version: 0.10.0-rc.0
      '@codingame/monaco-vscode-api':
        specifier: 31.0.1
        version: 31.0.1
      '@codingame/monaco-vscode-configuration-service-override':
        specifier: 31.0.1
        version: 31.0.1
      '@codingame/monaco-vscode-editor-api':
        specifier: 31.0.1
        version: 31.0.1
      '@codingame/monaco-vscode-editor-service-override':
        specifier: 31.0.1
        version: 31.0.1
      '@codingame/monaco-vscode-extensions-service-override':
        specifier: 31.0.1
        version: 31.0.1
      '@codingame/monaco-vscode-files-service-override':
        specifier: 31.0.1
        version: 31.0.1
      '@codingame/monaco-vscode-languages-service-override':
        specifier: 31.0.1
        version: 31.0.1
      '@codingame/monaco-vscode-log-service-override':
        specifier: 31.0.1
        version: 31.0.1
      '@codingame/monaco-vscode-model-service-override':
        specifier: 31.0.1
        version: 31.0.1
      '@codingame/monaco-vscode-monarch-service-override':
        specifier: 31.0.1
        version: 31.0.1
      '@codingame/monaco-vscode-textmate-service-override':
        specifier: 31.0.1
        version: 31.0.1
      '@codingame/monaco-vscode-theme-defaults-default-extension':
        specifier: 31.0.1
        version: 31.0.1
      '@codingame/monaco-vscode-theme-service-override':
        specifier: 31.0.1
        version: 31.0.1
      '@codingame/monaco-vscode-views-service-override':
        specifier: 31.0.1
        version: 31.0.1
      '@codingame/monaco-vscode-workbench-service-override':
        specifier: 31.0.1
        version: 31.0.1
      hotmeal-wasm:
        specifier: file:../../../libs/hotmeal/hotmeal-wasm/pkg
        version: file:../../../libs/hotmeal/hotmeal-wasm/pkg
      monaco-languageclient:
        specifier: ^10.7.0
        version: 10.7.0
      monaco-vim:
        specifier: ^0.4.1
        version: 0.4.4(monaco-editor@0.55.1)
      vscode:
        specifier: npm:@codingame/monaco-vscode-extension-api@31.0.1
        version: '@codingame/monaco-vscode-extension-api@31.0.1'
      vscode-jsonrpc:
        specifier: ^8.2.1
        version: 8.2.1
      vscode-languageclient:
        specifier: ~9.0.1
        version: 9.0.1
    devDependencies:
      typescript:
        specifier: ^5.7.2
        version: 5.9.3
      vite:
        specifier: ^8.1.0
        version: 8.1.0

packages:

  '@arborium/arborium@2.18.0':
    resolution: {integrity: sha512-Qtwxr9wkrPbU8BfeXKQxCkSLbWsNdDvZRzncJ/ZJS6BaU5MxdyGuI2STBUrKxsaibRkmB+ilsmGBwQbSZUegNw==}

  '@bearcove/phon-engine@0.2.0-rc.0':
    resolution: {integrity: sha512-Os+VaRe7QdmDaYlVeS+OLiaouOAF/Y2bZGiSo+EcXzqC1se09w/aKCFc5LnJYn+104jQ3rLqZKQdyKc+6kzIkg==}

  '@bearcove/phon-schema@0.2.0-rc.0':
    resolution: {integrity: sha512-YivXOWBa5X2Lo3EjYR0WFbvnjfMHSDmirGocjc00WTWw/QTKnpbgQAnYtXU5uV3SySl6O+SsXmmfMxqc2Apl9Q==}

  '@bearcove/vox-core@0.10.0-rc.0':
    resolution: {integrity: sha512-GlVkvncEybot7jcbsfmERgqpmkg09rcQS4dNZgkfYr/Rzsg+1LclJekjoo14iuZy46QkGHEvOpvhRJtaZ+EX3w==}

  '@bearcove/vox-tcp@0.10.0-rc.0':
    resolution: {integrity: sha512-jbDDdt8lecdP7x+Y60nMVzNgGrsxpbFpftC7y1k15I+F/o23WmBT2Dd+rL5CajUvLvbVMkYtCBfEDQ6CJp780A==}

  '@bearcove/vox-wire@0.10.0-rc.0':
    resolution: {integrity: sha512-uFy22GBrU6LAE5Ii0SKNoKHj2lX6sfnnom3wxsnSeuj6ut+LXeuHlAuhZqjwTjNMg511fe7YwBZhEzF2tuO38w==}

  '@bearcove/vox-ws@0.10.0-rc.0':
    resolution: {integrity: sha512-/8kcwDEkPJoDH51U+WKvimqFZ2RGEneSaKfb8vzQ+HodaA1deM1sB8NDWaLxhO01UBMctrsIlhc04xqu+VIPQw==}

  '@codingame/monaco-vscode-api@31.0.1':
    resolution: {integrity: sha512-ZvNruAV3e594knX+Q9ugoP5SnrwrFLKnvLSzZGuoRxrBWpnMn5AhWHWVFWlgfsVoATf87fFUZGLyS32xIsbhHw==}

  '@codingame/monaco-vscode-base-service-override@31.0.1':
    resolution: {integrity: sha512-ypFJzuTwhP2x/+BAeMe33GlCtwDRSMv6QRfC/+7vHYaPwv2AfHZY6ExZABLtyHImB7OTSWJeCK81ocjtH0vR6A==}

  '@codingame/monaco-vscode-bulk-edit-service-override@31.0.1':
    resolution: {integrity: sha512-KiLZKbSCdFlIMyeA1v7XQROTKr9mtI0Ny+RoFxvRjXgeZns4uWNenrWoBa8IUS4TIrCg7tPML+CklPF2Ja3OvQ==}

  '@codingame/monaco-vscode-configuration-service-override@31.0.1':
    resolution: {integrity: sha512-1gJKiBsHFdCjxCZ8DX4Ljn1FRwVAaeDHzp0VIC3EesY1UgrLBa+x6ftsQJ2gbdOAbxj516LV2w1j8iE75CWS6Q==}

  '@codingame/monaco-vscode-editor-api@31.0.1':
    resolution: {integrity: sha512-fM8fMfIdKXNNDN4mJ5JodFn0GqU+yGZn2dpNy+4UXg/kgoXuxse91iEAF6LN9cXq1DVYX/JZxBqM+BlknPV0Cg==}

  '@codingame/monaco-vscode-editor-service-override@31.0.1':
    resolution: {integrity: sha512-XCL2hOJ5QYKq3b1u9J9V/nrELElR+QNt9gnFreqfrgNPEMPWsy3Hw+a+cJ9y3YCwrR3g3MLRAbQf7N3+ICOqlA==}

  '@codingame/monaco-vscode-environment-service-override@31.0.1':
    resolution: {integrity: sha512-E5Hpg8kIxG9TmbZM3e3qqxUorzcTZJWtbp9FU7ezKuxeUr5lmeRhrFIjjpBcS0HDM4Gr7cY/Wc6h8Y32NIo7HQ==}

  '@codingame/monaco-vscode-extension-api@31.0.1':
    resolution: {integrity: sha512-4xvN1p1VvyfOW9bmU2fkd76ex7vgU+ySjBdP2QS+prkgWmDiJnErVmh2uZke0cwkdOrcD+AxXsLUYBpiibzXDQ==}

  '@codingame/monaco-vscode-extensions-service-override@31.0.1':
    resolution: {integrity: sha512-tIOhsT2mr6UIfqzyDGU5w0nXubQKa5g96LxYdZnFkAjLRkRg8jU349Wst2fVTRe7UHzM7nTddoFJm5jvB2zd6g==}

  '@codingame/monaco-vscode-files-service-override@31.0.1':
    resolution: {integrity: sha512-scRcbTQg/riMEI7gHG1t/fosLRwFhP7uEpdijqv7fX2Ib0dzfCwWTeo+0KlrQu3yEoC4asXHazm5FDJytcH3Xw==}

  '@codingame/monaco-vscode-host-service-override@31.0.1':
    resolution: {integrity: sha512-jM+T/k4wemPDOaoyBSln+pkwhjGiuR/ov1KhVBUjOntrnU/fqq6CuaDd9LWqf8Aq2/9rn1iEjlAsGp9C3acLoA==}

  '@codingame/monaco-vscode-keybindings-service-override@31.0.1':
    resolution: {integrity: sha512-ikCsWIrQfWUvMZtqeTZzkJSmEHVcOM8YyzZKI4Rxn0NKcRiog16uEZz6SSglqrX59i6sRF50iFHBfA4VFxXX2g==}

  '@codingame/monaco-vscode-language-pack-cs@31.0.1':
    resolution: {integrity: sha512-QgIN+YTf/F6jpupBPsaGNNOjsch8kjlqYVEQQ62ieoBDhLymm/NnrWqV9gXaX6dI367fAFIxK05KVazt3satbA==}

  '@codingame/monaco-vscode-language-pack-de@31.0.1':
    resolution: {integrity: sha512-VAg+7S+bL8YttSk213zJ5MRyhwA/dAKH+IjNOZ746gEQJSBgoVggbSMQc4CsvODYfWom60cBG+idP95e/KIwXA==}

  '@codingame/monaco-vscode-language-pack-es@31.0.1':
    resolution: {integrity: sha512-MW2LMvORMpp5daGufQPOMik8iCHZE9npU3c/kSEpzGqahtnU/drZuWdpspe5zODtil4OLgB3Uqtr9GKcFtxZHw==}

  '@codingame/monaco-vscode-language-pack-fr@31.0.1':
    resolution: {integrity: sha512-drYyq4+ayMdSoOeSxpapBUpu4ajeEkuZ8P0DZHtvlEJDF5UNFlHxNfmYcLxydczdcO/02GViBsm41dnYvPP26w==}

  '@codingame/monaco-vscode-language-pack-it@31.0.1':
    resolution: {integrity: sha512-Yr96PxqfsX8dMX4ayEDjV9Ypidt+yoq2MoPj56KyGy0Pmv10GL/hlQa1CeNOGQSfgHfx1cX4yT9pfZ5qwzGV9w==}

  '@codingame/monaco-vscode-language-pack-ja@31.0.1':
    resolution: {integrity: sha512-5KfXr7jNlFkBebcDnvy8W5V3sh0AqQe6MfxbU0F7uQzSMLQIw9LzdcLcjF9ca/movOqavrR+7+dDw+10JHwn2A==}

  '@codingame/monaco-vscode-language-pack-ko@31.0.1':
    resolution: {integrity: sha512-FscUX/YYDmyFJ/G2DlPy6bUxsAeGP/p/RJ81YdBCSk+RHgnLiUuGo9fnQWv32ejxtaaqgyq9FCq6Glgrr/dzNA==}

  '@codingame/monaco-vscode-language-pack-pl@31.0.1':
    resolution: {integrity: sha512-YsXxWhNDsysBYGhd2ndE7+VjuAwW2qPavJIBQXZ+fL4h1cZ+QZdeTaSLvQRNnVkXmIjii+GTYvQ9aZjkJYExUg==}

  '@codingame/monaco-vscode-language-pack-pt-br@31.0.1':
    resolution: {integrity: sha512-hxNHmPP5pPkZoAe0532VfqAEU4Q2D0R34mDwS1BbAJmrQcVO384uJoqG4L7zRO7ER+CKqGf47TXXi1shuVFgww==}

  '@codingame/monaco-vscode-language-pack-qps-ploc@31.0.1':
    resolution: {integrity: sha512-8hq6g3/gLSIESGbxkmGc6VkLkfj2g3tt3GcUl+necJeGJ7CLI1kXItNBAqF+c8JkT6aftqoxKJAWjVdvDCj1AA==}

  '@codingame/monaco-vscode-language-pack-ru@31.0.1':
    resolution: {integrity: sha512-iGsCBhSsRDQPBiThqw81YkKCh+oRI/NGOMYSkddPfuLJweGWm6Uu8M//cqEg9ka9LsGhgY+ubK+2D0is+myGZw==}

  '@codingame/monaco-vscode-language-pack-tr@31.0.1':
    resolution: {integrity: sha512-fmviA3BqeH/D5cyidxVIjeOMNuSYDTOrjZVohx6J9vXwRr4y27QSS9h7ItRZiTjBXnH4soyksguOFsZBYnwM9A==}

  '@codingame/monaco-vscode-language-pack-zh-hans@31.0.1':
    resolution: {integrity: sha512-lEV74oobVAZHVKFV0DoRolNJuy+JJ12D2J7aAMg2RgU45gki9nDJDT7HMMgXlxIjMrKjd7nLCnb4mNsoesX3xA==}

  '@codingame/monaco-vscode-language-pack-zh-hant@31.0.1':
    resolution: {integrity: sha512-Nw+Y9BTlxWSQcmsD/0UMEjBIi1J53mUwMvn7Jy1GYiHAlR39/VwhneeJR5MzXkQdf7Zl5/+/PKYI69mX3tKilw==}

  '@codingame/monaco-vscode-languages-service-override@31.0.1':
    resolution: {integrity: sha512-zGtJz+J/4xgkMTNoZY+jc6rSl23KFx2cYU808UmcOsJyVnTsLAMxigcE+0oK4C56d3lKL8j4s27Io+dtizMwhQ==}

  '@codingame/monaco-vscode-layout-service-override@31.0.1':
    resolution: {integrity: sha512-fbio+xRryvaambNaWuy89OUl6hj5YJxPUL/pMNd+NdLhmy+buWsKIazG3Afe607QroNOPu9S1HM85RQM1W0h1A==}

  '@codingame/monaco-vscode-localization-service-override@31.0.1':
    resolution: {integrity: sha512-1zOGBN1GlzFdUYXSYTHejqMbh4WMO/llKjAq9r9Y+w/ZxQJRekDW+JxQi22OQ6YBJRCMK4UnEopxGbBeHHJXFw==}

  '@codingame/monaco-vscode-log-service-override@31.0.1':
    resolution: {integrity: sha512-afv95GLTF2ETBNJcR831S0wSGgGZCN9v1v/CW2kHJxmjzmVs/wFcJAnBxa4PV5/z9wZBUjBq0bazIsv/GPc/sg==}

  '@codingame/monaco-vscode-model-service-override@31.0.1':
    resolution: {integrity: sha512-952j0HKVPzSkeBQwcxSghTFiXHiSPVcRcfIyf7YXoG/M4UGLrANXTS9A50pHuoSwbTNw6s+TZlQhnkRNuyHAcA==}

  '@codingame/monaco-vscode-monarch-service-override@31.0.1':
    resolution: {integrity: sha512-drMbOlskYrLALxJnICtlwVSJthDO/E8IaAj0yLBo3xARfn3ayqIJkOUa6AAJHJgB8ZrKfuQdeTsNRE7ORPYFrg==}

  '@codingame/monaco-vscode-quickaccess-service-override@31.0.1':
    resolution: {integrity: sha512-muU05JyiVTW6M6fQhxCtfED989BojAtYLToQu1LXCghFPjkoUaX2fmT5w1wcz7CBUZaTH8GTMuqaxV0fn752aA==}

  '@codingame/monaco-vscode-textmate-service-override@31.0.1':
    resolution: {integrity: sha512-mEifjtkqJggKLNTvM09NgXPqnHwL72OlO0NcveVZHzwL0MD7JasNaitsIQyorNkbX+cI8y1UJVAHcCjNkqXVDA==}

  '@codingame/monaco-vscode-theme-defaults-default-extension@31.0.1':
    resolution: {integrity: sha512-AzNtspCshfRnJ7Pg8K/NbAPFTQT2MBXhWvlBWFdWidDPJGOXrfyjNZegFOx/FceRzsyg7dVP95F7Sp9Vsfy5/w==}

  '@codingame/monaco-vscode-theme-service-override@31.0.1':
    resolution: {integrity: sha512-uB9EL/OAKhL6MtzI2LqxkGRwvRpB9znnlN7yTm3Z3HmxmRPzTA1PuChjLM5tiwU+PFk8ECmi6Ug6YN08wI39hA==}

  '@codingame/monaco-vscode-view-banner-service-override@31.0.1':
    resolution: {integrity: sha512-JKNQYMR7OG06dCIaPxFgpYnS5JpsVOYeziCOq1C2Y8bQeIAhKqKyUWRRgHoF2TiFRrIQXvwTrE4ihGrBhfosMA==}

  '@codingame/monaco-vscode-view-common-service-override@31.0.1':
    resolution: {integrity: sha512-G0dAwMlqCgjavJ7dJBZ7M5KPz0dpFHSupLGyf5Qxm0eSWnxUjjL70sg9o4rGnVUHdhAaBBD5C9OEkp+ciw1D0g==}

  '@codingame/monaco-vscode-view-status-bar-service-override@31.0.1':
    resolution: {integrity: sha512-lpHncd+WjM9rI+gqU440WkN9nUgyUiGkqyHfQFlyBuRJYsZH74pff/3d8Hq+TG/Mhw9VP4yuwupvThAcFK6FKQ==}

  '@codingame/monaco-vscode-view-title-bar-service-override@31.0.1':
    resolution: {integrity: sha512-X2oLSfEX02NMF6bLG3kEpXmygjvO/vQDt8sd7JpuqFNIsAmg7wPoAuDCkw8gr1VcJFZWdRKNe8fpYS8JzTu/Gg==}

  '@codingame/monaco-vscode-views-service-override@31.0.1':
    resolution: {integrity: sha512-MKnzOr3e5ZyODAgVXpB9NZkx7Sgvf/VszkiGgilMyKMNYAxEXHpMoc2dBD7Ti80LAfjjJPxPKSZ/iLx1HlxAYQ==}

  '@codingame/monaco-vscode-workbench-service-override@31.0.1':
    resolution: {integrity: sha512-Bba7UFPp7T21uhgI9ljvxX6YSO+Tei9ZYSCJxsyl5BA7MIuTAfIKqb1Imb2T3m0KOHkE61UO+0OT4OwpJU9w7g==}

  '@emnapi/core@1.11.1':
    resolution: {integrity: sha512-RSvbQmHzdKzNsLYa/wHrbc3KN4sYLKAdPZxqiM2HATqv/SBk2/ENSHpvXGaLOMcsAyz0poEGqkmmKYG3OWiJEQ==}

  '@emnapi/runtime@1.11.1':
    resolution: {integrity: sha512-vgj7R3y3Wgx24IQaGPA/R6YFXLHVMOZ0uVEyIQPaWs+rd1AzfEMXlAC22FYwO1XkKR6NPsq7mUandH8oIRdZFw==}

  '@emnapi/wasi-threads@1.2.2':
    resolution: {integrity: sha512-c95qOXkHdydNKhscBTebqEC1CVAZpyqOfVfBzQ1qgzyl3gfeldUjIggDbIZgDKsHLgnsM+igH7TJ/eAasaVuMA==}

  '@napi-rs/wasm-runtime@1.1.6':
    resolution: {integrity: sha512-ZLv/JdUfkvOy9eCnnBaGfiO+XimbjebAeO+MRQqD/B+FR1tnRN0tpKSJHRbE8sFfS6aqsXZ67TQjfwfsxULVbg==}
    peerDependencies:
      '@emnapi/core': ^1.7.1
      '@emnapi/runtime': ^1.7.1

  '@noble/hashes@2.2.0':
    resolution: {integrity: sha512-IYqDGiTXab6FniAgnSdZwgWbomxpy9FtYvLKs7wCUs2a8RkITG+DFGO1DM9cr+E3/RgADRpFjrKVaJ1z6sjtEg==}
    engines: {node: '>= 20.19.0'}

  '@oxc-project/types@0.137.0':
    resolution: {integrity: sha512-WT+Gb24i8hmvo85AIv2oEYouEXkRlKAlT9WaCa3TfLgNCN+GhrJOGZuIlMouAh38Qe4QOx26eUOVsq70qXrywA==}

  '@rolldown/binding-android-arm64@1.1.3':
    resolution: {integrity: sha512-DT6Z3PhvioeHMvxo+xHc3KtqggrI7CCTXCmC2h/5zUlp5jVitv7XEy+9q5/7v8IolhlioawpMo8Kg0EEBy7J0g==}
    engines: {node: ^20.19.0 || >=22.12.0}
    cpu: [arm64]
    os: [android]

  '@rolldown/binding-darwin-arm64@1.1.3':
    resolution: {integrity: sha512-0NwgwsjM7LrsuVnXMK3koTpagBNOhloc/BNjKqZjv4V5zI5r13qx69uVhRx+o5Z0yy4Hzq+lpy7TAgUG/ocvrw==}
    engines: {node: ^20.19.0 || >=22.12.0}
    cpu: [arm64]
    os: [darwin]

  '@rolldown/binding-darwin-x64@1.1.3':
    resolution: {integrity: sha512-YtiBp4disu6V560loT6PjMdiRaWmVvDNrUunAalbiFx2ggeJwxdAsgZMcoGP17uyAsTwAj5V1niksxlHnVQ1Sw==}
    engines: {node: ^20.19.0 || >=22.12.0}
    cpu: [x64]
    os: [darwin]

  '@rolldown/binding-freebsd-x64@1.1.3':
    resolution: {integrity: sha512-yD3EkEdXk2LypPxnf/kSZHirarsI8gcPzc62SukhR9VJTyvV+F9Q/GxWNuCojc7sXyuVC4DxRGhdDK4X8VSsbw==}
    engines: {node: ^20.19.0 || >=22.12.0}
    cpu: [x64]
    os: [freebsd]

  '@rolldown/binding-linux-arm-gnueabihf@1.1.3':
    resolution: {integrity: sha512-c+8vieQbsD7HNAHKIA34w0GJ9FedFFuJGD+7E6vz7Q3uqAIugL5p45fhlsj4UaAsHpcmlqugBWMhA0/j7o0sIg==}
    engines: {node: ^20.19.0 || >=22.12.0}
    cpu: [arm]
    os: [linux]

  '@rolldown/binding-linux-arm64-gnu@1.1.3':
    resolution: {integrity: sha512-50jD0uUwLvur7Zz9LHz17kaAdTPjn5wN93hEgjvmYFRZwiR7ZJYovTd5ipyWJDAnXKvZ+wgc+/Ika6dwSF5OcA==}
    engines: {node: ^20.19.0 || >=22.12.0}
    cpu: [arm64]
    os: [linux]
    libc: [glibc]

  '@rolldown/binding-linux-arm64-musl@1.1.3':
    resolution: {integrity: sha512-BO9+oPL8K9poZJBfYPsXNtYjPE5uM3qeehT3aFcW4LITOl+iSqhp0abzjR2nWBUNjIZeKXjAEWBZ64WjNoHd6w==}
    engines: {node: ^20.19.0 || >=22.12.0}
    cpu: [arm64]
    os: [linux]
    libc: [musl]

  '@rolldown/binding-linux-ppc64-gnu@1.1.3':
    resolution: {integrity: sha512-f3VpLB1vQ0Eo6ecr/6cekLnvYMFF4YBFoVGkfkvPLq1bAkbAwHYQPZKoAmG6OJyTcxxoC+AvezGx/S1obNC0Mw==}
    engines: {node: ^20.19.0 || >=22.12.0}
    cpu: [ppc64]
    os: [linux]
    libc: [glibc]

  '@rolldown/binding-linux-s390x-gnu@1.1.3':
    resolution: {integrity: sha512-AmurZ26Pqx/RI9N1gzEOCklkKXl927yjfXWUUS0O7Puh8ARM/Ob8qfrD3qnWksScdw6cSrW5PSHE9DyLu7+PtA==}
    engines: {node: ^20.19.0 || >=22.12.0}
    cpu: [s390x]
    os: [linux]
    libc: [glibc]

  '@rolldown/binding-linux-x64-gnu@1.1.3':
    resolution: {integrity: sha512-JJpqs8bRGITDOdbkNKnlojzBabbOHrqjSvDr0IVsZObE1lBcPjxItUEY9eWIDbxaJ3cGrXPWGfGkIxFijg/URg==}
    engines: {node: ^20.19.0 || >=22.12.0}
    cpu: [x64]
    os: [linux]
    libc: [glibc]

  '@rolldown/binding-linux-x64-musl@1.1.3':
    resolution: {integrity: sha512-rSJcdjPxzA/by/6/rYs+v+bXU7UjvnbUWz8MJb6kh6+knqB1dCrtHg0uu7C/4haqJvqdkYHQ5IGn+tCH9GLW/g==}
    engines: {node: ^20.19.0 || >=22.12.0}
    cpu: [x64]
    os: [linux]
    libc: [musl]

  '@rolldown/binding-openharmony-arm64@1.1.3':
    resolution: {integrity: sha512-hQ3/PYkDJICgevvyNcVrihVeqq7k1Pp3VZ9lY+dauAYUJKO+auqApvANhvR1An9BhmqYKvW2Mu1F9u4DXSMLxQ==}
    engines: {node: ^20.19.0 || >=22.12.0}
    cpu: [arm64]
    os: [openharmony]

  '@rolldown/binding-wasm32-wasi@1.1.3':
    resolution: {integrity: sha512-Elcv/BtML9lXrV6JuKITc/grN2kYV9gjsQpW8Jfw4ioK0TOkjBjye0nnyqQNy9STNaI20lXNaQBRrD5gSgR0Yg==}
    engines: {node: ^20.19.0 || >=22.12.0}
    cpu: [wasm32]

  '@rolldown/binding-win32-arm64-msvc@1.1.3':
    resolution: {integrity: sha512-2DrEfhluH9yhiaFApmsjsjwrSYbNcY1oFTzYSP1a535jDbV98zCFanA/96TBUd0iDFcxGmw9QRExwGCXz3U+/g==}
    engines: {node: ^20.19.0 || >=22.12.0}
    cpu: [arm64]
    os: [win32]

  '@rolldown/binding-win32-x64-msvc@1.1.3':
    resolution: {integrity: sha512-OL4OMk7UPXOeVGGd3qo5zJyPIljf4AFgk5QAkPPS+OoLuOOozhuaQGC18MxVTnw/06q93gShAJzlwnSCY9YtqA==}
    engines: {node: ^20.19.0 || >=22.12.0}
    cpu: [x64]
    os: [win32]

  '@rolldown/pluginutils@1.0.1':
    resolution: {integrity: sha512-2j9bGt5Jh8hj+vPtgzPtl72j0yRxHAyumoo6TNfAjsLB04UtpSvPbPcDcBMxz7n+9CYB0c1GxQFxYRg2jimqGw==}

  '@tybys/wasm-util@0.10.3':
    resolution: {integrity: sha512-F3fo1MYrRJYL3zER0OUOmkutjr1Vp23m7OsSgp7nq4SP6OqX6C/56XFIPAl5bt3zaBRjmW7SGz3u/6LwFpYcOg==}

  '@types/trusted-types@2.0.7':
    resolution: {integrity: sha512-ScaPdn1dQczgbl0QFTeTOmVHFULt394XJgOQNoyVhZ6r2vLnMLJfBPd53SB52T/3G36VI1/g2MZaX0cwDuXsfw==}

  '@vscode/iconv-lite-umd@0.7.1':
    resolution: {integrity: sha512-tK6k0DXFHW7q5+GGuGZO+phpAqpxO4WXl+BLc/8/uOk3RsM2ssAL3CQUQDb1TGfwltjsauhN6S4ghYZzs4sPFw==}

  balanced-match@1.0.2:
    resolution: {integrity: sha512-3oSeUO0TMV67hN1AmbXsK4yaqU7tjiHlbxRDZOpH0KW9+CeX4bRAaX0Anxt0tx2MrpRpWwQaPwIlISEJhYU5Pw==}

  brace-expansion@2.1.1:
    resolution: {integrity: sha512-WR1cURNjuvBLMZBMbqM0UoE+WAfdUcEV1ccD8PVBVOI+Z3ND4+SZbN8RsfT2bMuG1qwz5RFvPukSZm5fF2D5eA==}

  detect-libc@2.1.2:
    resolution: {integrity: sha512-Btj2BOOO83o3WyH59e8MgXsxEQVcarkUOpEYrubB0urwnN10yQ364rsiByU11nZlqWYZm05i/of7io4mzihBtQ==}
    engines: {node: '>=8'}

  dompurify@3.2.7:
    resolution: {integrity: sha512-WhL/YuveyGXJaerVlMYGWhvQswa7myDG17P7Vu65EWC05o8vfeNbvNf4d/BOvH99+ZW+LlQsc1GDKMa1vNK6dw==}

  dompurify@3.4.1:
    resolution: {integrity: sha512-JahakDAIg1gyOm7dlgWSDjV4n7Ip2PKR55NIT6jrMfIgLFgWo81vdr1/QGqWtFNRqXP9UV71oVePtjqS2ebnPw==}

  fdir@6.5.0:
    resolution: {integrity: sha512-tIbYtZbucOs0BRGqPJkshJUYdL+SDH7dVM8gjy+ERp3WAUjLEFJE+02kanyHtwjWOnwrKYBiwAmM0p4kLJAnXg==}
    engines: {node: '>=12.0.0'}
    peerDependencies:
      picomatch: ^3 || ^4
    peerDependenciesMeta:
      picomatch:
        optional: true

  fsevents@2.3.3:
    resolution: {integrity: sha512-5xoDfX+fL7faATnagmWPpbFtwh/R77WmMMqqHGS65C3vvB0YHrgF+B1YmZ3441tMj5n63k0212XNoJwzlhffQw==}
    engines: {node: ^8.16.0 || ^10.6.0 || >=11.0.0}
    os: [darwin]

  hotmeal-wasm@file:../../../libs/hotmeal/hotmeal-wasm/pkg:
    resolution: {directory: ../../../libs/hotmeal/hotmeal-wasm/pkg, type: directory}

  jschardet@3.1.4:
    resolution: {integrity: sha512-/kmVISmrwVwtyYU40iQUOp3SUPk2dhNCMsZBQX0R1/jZ8maaXJ/oZIzUOiyOqcgtLnETFKYChbJ5iDC/eWmFHg==}
    engines: {node: '>=0.1.90'}

  lightningcss-android-arm64@1.32.0:
    resolution: {integrity: sha512-YK7/ClTt4kAK0vo6w3X+Pnm0D2cf2vPHbhOXdoNti1Ga0al1P4TBZhwjATvjNwLEBCnKvjJc2jQgHXH0NEwlAg==}
    engines: {node: '>= 12.0.0'}
    cpu: [arm64]
    os: [android]

  lightningcss-darwin-arm64@1.32.0:
    resolution: {integrity: sha512-RzeG9Ju5bag2Bv1/lwlVJvBE3q6TtXskdZLLCyfg5pt+HLz9BqlICO7LZM7VHNTTn/5PRhHFBSjk5lc4cmscPQ==}
    engines: {node: '>= 12.0.0'}
    cpu: [arm64]
    os: [darwin]

  lightningcss-darwin-x64@1.32.0:
    resolution: {integrity: sha512-U+QsBp2m/s2wqpUYT/6wnlagdZbtZdndSmut/NJqlCcMLTWp5muCrID+K5UJ6jqD2BFshejCYXniPDbNh73V8w==}
    engines: {node: '>= 12.0.0'}
    cpu: [x64]
    os: [darwin]

  lightningcss-freebsd-x64@1.32.0:
    resolution: {integrity: sha512-JCTigedEksZk3tHTTthnMdVfGf61Fky8Ji2E4YjUTEQX14xiy/lTzXnu1vwiZe3bYe0q+SpsSH/CTeDXK6WHig==}
    engines: {node: '>= 12.0.0'}
    cpu: [x64]
    os: [freebsd]

  lightningcss-linux-arm-gnueabihf@1.32.0:
    resolution: {integrity: sha512-x6rnnpRa2GL0zQOkt6rts3YDPzduLpWvwAF6EMhXFVZXD4tPrBkEFqzGowzCsIWsPjqSK+tyNEODUBXeeVHSkw==}
    engines: {node: '>= 12.0.0'}
    cpu: [arm]
    os: [linux]

  lightningcss-linux-arm64-gnu@1.32.0:
    resolution: {integrity: sha512-0nnMyoyOLRJXfbMOilaSRcLH3Jw5z9HDNGfT/gwCPgaDjnx0i8w7vBzFLFR1f6CMLKF8gVbebmkUN3fa/kQJpQ==}
    engines: {node: '>= 12.0.0'}
    cpu: [arm64]
    os: [linux]
    libc: [glibc]

  lightningcss-linux-arm64-musl@1.32.0:
    resolution: {integrity: sha512-UpQkoenr4UJEzgVIYpI80lDFvRmPVg6oqboNHfoH4CQIfNA+HOrZ7Mo7KZP02dC6LjghPQJeBsvXhJod/wnIBg==}
    engines: {node: '>= 12.0.0'}
    cpu: [arm64]
    os: [linux]
    libc: [musl]

  lightningcss-linux-x64-gnu@1.32.0:
    resolution: {integrity: sha512-V7Qr52IhZmdKPVr+Vtw8o+WLsQJYCTd8loIfpDaMRWGUZfBOYEJeyJIkqGIDMZPwPx24pUMfwSxxI8phr/MbOA==}
    engines: {node: '>= 12.0.0'}
    cpu: [x64]
    os: [linux]
    libc: [glibc]

  lightningcss-linux-x64-musl@1.32.0:
    resolution: {integrity: sha512-bYcLp+Vb0awsiXg/80uCRezCYHNg1/l3mt0gzHnWV9XP1W5sKa5/TCdGWaR/zBM2PeF/HbsQv/j2URNOiVuxWg==}
    engines: {node: '>= 12.0.0'}
    cpu: [x64]
    os: [linux]
    libc: [musl]

  lightningcss-win32-arm64-msvc@1.32.0:
    resolution: {integrity: sha512-8SbC8BR40pS6baCM8sbtYDSwEVQd4JlFTOlaD3gWGHfThTcABnNDBda6eTZeqbofalIJhFx0qKzgHJmcPTnGdw==}
    engines: {node: '>= 12.0.0'}
    cpu: [arm64]
    os: [win32]

  lightningcss-win32-x64-msvc@1.32.0:
    resolution: {integrity: sha512-Amq9B/SoZYdDi1kFrojnoqPLxYhQ4Wo5XiL8EVJrVsB8ARoC1PWW6VGtT0WKCemjy8aC+louJnjS7U18x3b06Q==}
    engines: {node: '>= 12.0.0'}
    cpu: [x64]
    os: [win32]

  lightningcss@1.32.0:
    resolution: {integrity: sha512-NXYBzinNrblfraPGyrbPoD19C1h9lfI/1mzgWYvXUTe414Gz/X1FD2XBZSZM7rRTrMA8JL3OtAaGifrIKhQ5yQ==}
    engines: {node: '>= 12.0.0'}

  marked@14.0.0:
    resolution: {integrity: sha512-uIj4+faQ+MgHgwUW1l2PsPglZLOLOT1uErt06dAPtx2kjteLAkbsd/0FiYg/MGS+i7ZKLb7w2WClxHkzOOuryQ==}
    engines: {node: '>= 18'}
    hasBin: true

  minimatch@5.1.9:
    resolution: {integrity: sha512-7o1wEA2RyMP7Iu7GNba9vc0RWWGACJOCZBJX2GJWip0ikV+wcOsgVuY9uE8CPiyQhkGFSlhuSkZPavN7u1c2Fw==}
    engines: {node: '>=10'}

  monaco-editor@0.55.1:
    resolution: {integrity: sha512-jz4x+TJNFHwHtwuV9vA9rMujcZRb0CEilTEwG2rRSpe/A7Jdkuj8xPKttCgOh+v/lkHy7HsZ64oj+q3xoAFl9A==}

  monaco-languageclient@10.7.0:
    resolution: {integrity: sha512-oA5cOFixkF4bspVL2zMSn48LvlNR/Cu3vJ8MCVam3PdjobSULGgHtOASuZIi3FgWK42X1z8/6hrG0LCjvNu1Hw==}
    engines: {node: '>=20.10.0', npm: '>=10.2.3'}

  monaco-vim@0.4.4:
    resolution: {integrity: sha512-LNChAb//WEm/W+eyeHG/0+pdVEHotk2hLTN+M3sQZx5E8cAlSWSgqcxpcRuQnxDybSln7pfHF9i63HmbIQvrWw==}
    peerDependencies:
      monaco-editor: '*'

  nanoid@3.3.12:
    resolution: {integrity: sha512-ZB9RH/39qpq5Vu6Y+NmUaFhQR6pp+M2Xt76XBnEwDaGcVAqhlvxrl3B2bKS5D3NH3QR76v3aSrKaF/Kiy7lEtQ==}
    engines: {node: ^10 || ^12 || ^13.7 || ^14 || >=15.0.1}
    hasBin: true

  picocolors@1.1.1:
    resolution: {integrity: sha512-xceH2snhtb5M9liqDsmEw56le376mTZkEX/jEb/RxNFyegNul7eNslCXP9FDj/Lcu0X8KEyMceP2ntpaHrDEVA==}

  picomatch@4.0.4:
    resolution: {integrity: sha512-QP88BAKvMam/3NxH6vj2o21R6MjxZUAd6nlwAS/pnGvN9IVLocLHxGYIzFhg6fUQ+5th6P4dv4eW9jX3DSIj7A==}
    engines: {node: '>=12'}

  postcss@8.5.15:
    resolution: {integrity: sha512-FfR8sjd4em2T6fb3I2MwAJU7HWVMr9zba+enmQeeWFfCbm+UOC/0X4DS8XtpUTMwWMGbjKYP7xjfNekzyGmB3A==}
    engines: {node: ^10 || ^12 || >=14}

  rolldown@1.1.3:
    resolution: {integrity: sha512-1F1eEtUBtFvcGm1HQ9TiUIUHPQG7mSAODrhIzjxoUEFuo8OcbrGLiVLkevNgj84TE4lnHvnumwFjhJO5Eu135g==}
    engines: {node: ^20.19.0 || >=22.12.0}
    hasBin: true

  semver@7.8.1:
    resolution: {integrity: sha512-rkVq3IXh+4FDGch+KwzX3aV9W3kO54GyEgpvBzSyctDA6Xtd7RJQV1xmXbeQp5v7+VzLOfVqiutSE6GICgPFvg==}
    engines: {node: '>=10'}
    hasBin: true

  source-map-js@1.2.1:
    resolution: {integrity: sha512-UXWMKhLOwVKb728IUtQPXxfYU+usdybtUrK/8uGE8CQMvrhOpwvzDBwj0QhSL7MQc7vIsISBG8VQ8+IDQxpfQA==}
    engines: {node: '>=0.10.0'}

  tinyglobby@0.2.17:
    resolution: {integrity: sha512-wXR/dYpcqKmfWpEdZjiKJOwCNFndD0DMnrW/cYjVGttEkBfVgcLFHoNrlj47mjOVic9yyNu65alsgF4NQyTa2g==}
    engines: {node: '>=12.0.0'}

  tslib@2.8.1:
    resolution: {integrity: sha512-oJFu94HQb+KVduSUQL7wnpmqnfmLsOA/nAh6b6EH0wCEoK0/mPeXU6c3wKDV83MkOuHPRHtSXKKU99IBazS/2w==}

  typescript@5.9.3:
    resolution: {integrity: sha512-jl1vZzPDinLr9eUt3J/t7V6FgNEw9QjvBPdysz9KfQDD41fQrC2Y4vKQdiaUpFT4bXlb1RHhLpp8wtm6M5TgSw==}
    engines: {node: '>=14.17'}
    hasBin: true

  vite@8.1.0:
    resolution: {integrity: sha512-BuJcQK/56NQTWDGn4ABea3q4SSBdNPWwNZKTkkUpcMPnLoquSYH8llRtSUIgoL1KSCpHt5eghLShn50mH36y7Q==}
    engines: {node: ^20.19.0 || >=22.12.0}
    hasBin: true
    peerDependencies:
      '@types/node': ^20.19.0 || >=22.12.0
      '@vitejs/devtools': ^0.3.0
      esbuild: ^0.27.0 || ^0.28.0
      jiti: '>=1.21.0'
      less: ^4.0.0
      sass: ^1.70.0
      sass-embedded: ^1.70.0
      stylus: '>=0.54.8'
      sugarss: ^5.0.0
      terser: ^5.16.0
      tsx: ^4.8.1
      yaml: ^2.4.2
    peerDependenciesMeta:
      '@types/node':
        optional: true
      '@vitejs/devtools':
        optional: true
      esbuild:
        optional: true
      jiti:
        optional: true
      less:
        optional: true
      sass:
        optional: true
      sass-embedded:
        optional: true
      stylus:
        optional: true
      sugarss:
        optional: true
      terser:
        optional: true
      tsx:
        optional: true
      yaml:
        optional: true

  vscode-jsonrpc@8.2.0:
    resolution: {integrity: sha512-C+r0eKJUIfiDIfwJhria30+TYWPtuHJXHtI7J0YlOmKAo7ogxP20T0zxB7HZQIFhIyvoBPwWskjxrvAtfjyZfA==}
    engines: {node: '>=14.0.0'}

  vscode-jsonrpc@8.2.1:
    resolution: {integrity: sha512-kdjOSJ2lLIn7r1rtrMbbNCHjyMPfRnowdKjBQ+mGq6NAW5QY2bEZC/khaC5OR8svbbjvLEaIXkOq45e2X9BIbQ==}
    engines: {node: '>=14.0.0'}

  vscode-languageclient@9.0.1:
    resolution: {integrity: sha512-JZiimVdvimEuHh5olxhxkht09m3JzUGwggb5eRUkzzJhZ2KjCN0nh55VfiED9oez9DyF8/fz1g1iBV3h+0Z2EA==}
    engines: {vscode: ^1.82.0}

  vscode-languageserver-protocol@3.17.5:
    resolution: {integrity: sha512-mb1bvRJN8SVznADSGWM9u/b07H7Ecg0I3OgXDuLdn307rl/J3A9YD6/eYOssqhecL27hK1IPZAsaqh00i/Jljg==}

  vscode-languageserver-types@3.17.5:
    resolution: {integrity: sha512-Ld1VelNuX9pdF39h2Hgaeb5hEZM2Z3jUrrMgWQAu82jMtZp7p3vJT3BzToKtZI7NgQssZje5o0zryOrhQvzQAg==}

  vscode-ws-jsonrpc@3.5.0:
    resolution: {integrity: sha512-13ZDy7Od4AfEPK2HIfY3DtyRi4FVsvFql1yobVJrpIoHOKGGJpIjVvIJpMxkrHzCZzWlYlg+WEu2hrYkCTvM0Q==}
    engines: {node: '>=20.10.0', npm: '>=10.2.3'}

snapshots:

  '@arborium/arborium@2.18.0': {}

  '@bearcove/phon-engine@0.2.0-rc.0':
    dependencies:
      '@bearcove/phon-schema': 0.2.0-rc.0

  '@bearcove/phon-schema@0.2.0-rc.0':
    dependencies:
      '@noble/hashes': 2.2.0

  '@bearcove/vox-core@0.10.0-rc.0':
    dependencies:
      '@bearcove/phon-engine': 0.2.0-rc.0
      '@bearcove/phon-schema': 0.2.0-rc.0
      '@bearcove/vox-wire': 0.10.0-rc.0

  '@bearcove/vox-tcp@0.10.0-rc.0':
    dependencies:
      '@bearcove/vox-core': 0.10.0-rc.0

  '@bearcove/vox-wire@0.10.0-rc.0':
    dependencies:
      '@bearcove/phon-engine': 0.2.0-rc.0
      '@bearcove/phon-schema': 0.2.0-rc.0

  '@bearcove/vox-ws@0.10.0-rc.0':
    dependencies:
      '@bearcove/vox-core': 0.10.0-rc.0
      '@bearcove/vox-tcp': 0.10.0-rc.0

  '@codingame/monaco-vscode-api@31.0.1':
    dependencies:
      '@codingame/monaco-vscode-base-service-override': 31.0.1
      '@codingame/monaco-vscode-environment-service-override': 31.0.1
      '@codingame/monaco-vscode-extensions-service-override': 31.0.1
      '@codingame/monaco-vscode-files-service-override': 31.0.1
      '@codingame/monaco-vscode-host-service-override': 31.0.1
      '@codingame/monaco-vscode-layout-service-override': 31.0.1
      '@codingame/monaco-vscode-quickaccess-service-override': 31.0.1
      '@vscode/iconv-lite-umd': 0.7.1
      dompurify: 3.4.1
      jschardet: 3.1.4
      marked: 14.0.0

  '@codingame/monaco-vscode-base-service-override@31.0.1':
    dependencies:
      '@codingame/monaco-vscode-api': 31.0.1

  '@codingame/monaco-vscode-bulk-edit-service-override@31.0.1':
    dependencies:
      '@codingame/monaco-vscode-api': 31.0.1

  '@codingame/monaco-vscode-configuration-service-override@31.0.1':
    dependencies:
      '@codingame/monaco-vscode-api': 31.0.1
      '@codingame/monaco-vscode-files-service-override': 31.0.1

  '@codingame/monaco-vscode-editor-api@31.0.1':
    dependencies:
      '@codingame/monaco-vscode-api': 31.0.1

  '@codingame/monaco-vscode-editor-service-override@31.0.1':
    dependencies:
      '@codingame/monaco-vscode-api': 31.0.1

  '@codingame/monaco-vscode-environment-service-override@31.0.1':
    dependencies:
      '@codingame/monaco-vscode-api': 31.0.1

  '@codingame/monaco-vscode-extension-api@31.0.1':
    dependencies:
      '@codingame/monaco-vscode-api': 31.0.1
      '@codingame/monaco-vscode-extensions-service-override': 31.0.1

  '@codingame/monaco-vscode-extensions-service-override@31.0.1':
    dependencies:
      '@codingame/monaco-vscode-api': 31.0.1
      '@codingame/monaco-vscode-files-service-override': 31.0.1

  '@codingame/monaco-vscode-files-service-override@31.0.1':
    dependencies:
      '@codingame/monaco-vscode-api': 31.0.1

  '@codingame/monaco-vscode-host-service-override@31.0.1':
    dependencies:
      '@codingame/monaco-vscode-api': 31.0.1

  '@codingame/monaco-vscode-keybindings-service-override@31.0.1':
    dependencies:
      '@codingame/monaco-vscode-api': 31.0.1
      '@codingame/monaco-vscode-files-service-override': 31.0.1

  '@codingame/monaco-vscode-language-pack-cs@31.0.1':
    dependencies:
      '@codingame/monaco-vscode-api': 31.0.1

  '@codingame/monaco-vscode-language-pack-de@31.0.1':
    dependencies:
      '@codingame/monaco-vscode-api': 31.0.1

  '@codingame/monaco-vscode-language-pack-es@31.0.1':
    dependencies:
      '@codingame/monaco-vscode-api': 31.0.1

  '@codingame/monaco-vscode-language-pack-fr@31.0.1':
    dependencies:
      '@codingame/monaco-vscode-api': 31.0.1

  '@codingame/monaco-vscode-language-pack-it@31.0.1':
    dependencies:
      '@codingame/monaco-vscode-api': 31.0.1

  '@codingame/monaco-vscode-language-pack-ja@31.0.1':
    dependencies:
      '@codingame/monaco-vscode-api': 31.0.1

  '@codingame/monaco-vscode-language-pack-ko@31.0.1':
    dependencies:
      '@codingame/monaco-vscode-api': 31.0.1

  '@codingame/monaco-vscode-language-pack-pl@31.0.1':
    dependencies:
      '@codingame/monaco-vscode-api': 31.0.1

  '@codingame/monaco-vscode-language-pack-pt-br@31.0.1':
    dependencies:
      '@codingame/monaco-vscode-api': 31.0.1

  '@codingame/monaco-vscode-language-pack-qps-ploc@31.0.1':
    dependencies:
      '@codingame/monaco-vscode-api': 31.0.1

  '@codingame/monaco-vscode-language-pack-ru@31.0.1':
    dependencies:
      '@codingame/monaco-vscode-api': 31.0.1

  '@codingame/monaco-vscode-language-pack-tr@31.0.1':
    dependencies:
      '@codingame/monaco-vscode-api': 31.0.1

  '@codingame/monaco-vscode-language-pack-zh-hans@31.0.1':
    dependencies:
      '@codingame/monaco-vscode-api': 31.0.1

  '@codingame/monaco-vscode-language-pack-zh-hant@31.0.1':
    dependencies:
      '@codingame/monaco-vscode-api': 31.0.1

  '@codingame/monaco-vscode-languages-service-override@31.0.1':
    dependencies:
      '@codingame/monaco-vscode-api': 31.0.1
      '@codingame/monaco-vscode-files-service-override': 31.0.1

  '@codingame/monaco-vscode-layout-service-override@31.0.1':
    dependencies:
      '@codingame/monaco-vscode-api': 31.0.1

  '@codingame/monaco-vscode-localization-service-override@31.0.1':
    dependencies:
      '@codingame/monaco-vscode-api': 31.0.1

  '@codingame/monaco-vscode-log-service-override@31.0.1':
    dependencies:
      '@codingame/monaco-vscode-api': 31.0.1
      '@codingame/monaco-vscode-environment-service-override': 31.0.1

  '@codingame/monaco-vscode-model-service-override@31.0.1':
    dependencies:
      '@codingame/monaco-vscode-api': 31.0.1

  '@codingame/monaco-vscode-monarch-service-override@31.0.1':
    dependencies:
      '@codingame/monaco-vscode-api': 31.0.1

  '@codingame/monaco-vscode-quickaccess-service-override@31.0.1':
    dependencies:
      '@codingame/monaco-vscode-api': 31.0.1

  '@codingame/monaco-vscode-textmate-service-override@31.0.1':
    dependencies:
      '@codingame/monaco-vscode-api': 31.0.1
      '@codingame/monaco-vscode-files-service-override': 31.0.1

  '@codingame/monaco-vscode-theme-defaults-default-extension@31.0.1':
    dependencies:
      '@codingame/monaco-vscode-api': 31.0.1

  '@codingame/monaco-vscode-theme-service-override@31.0.1':
    dependencies:
      '@codingame/monaco-vscode-api': 31.0.1
      '@codingame/monaco-vscode-files-service-override': 31.0.1

  '@codingame/monaco-vscode-view-banner-service-override@31.0.1':
    dependencies:
      '@codingame/monaco-vscode-api': 31.0.1

  '@codingame/monaco-vscode-view-common-service-override@31.0.1':
    dependencies:
      '@codingame/monaco-vscode-api': 31.0.1
      '@codingame/monaco-vscode-bulk-edit-service-override': 31.0.1

  '@codingame/monaco-vscode-view-status-bar-service-override@31.0.1':
    dependencies:
      '@codingame/monaco-vscode-api': 31.0.1

  '@codingame/monaco-vscode-view-title-bar-service-override@31.0.1':
    dependencies:
      '@codingame/monaco-vscode-api': 31.0.1

  '@codingame/monaco-vscode-views-service-override@31.0.1':
    dependencies:
      '@codingame/monaco-vscode-api': 31.0.1
      '@codingame/monaco-vscode-keybindings-service-override': 31.0.1
      '@codingame/monaco-vscode-layout-service-override': 31.0.1
      '@codingame/monaco-vscode-quickaccess-service-override': 31.0.1
      '@codingame/monaco-vscode-view-common-service-override': 31.0.1

  '@codingame/monaco-vscode-workbench-service-override@31.0.1':
    dependencies:
      '@codingame/monaco-vscode-api': 31.0.1
      '@codingame/monaco-vscode-keybindings-service-override': 31.0.1
      '@codingame/monaco-vscode-quickaccess-service-override': 31.0.1
      '@codingame/monaco-vscode-view-banner-service-override': 31.0.1
      '@codingame/monaco-vscode-view-common-service-override': 31.0.1
      '@codingame/monaco-vscode-view-status-bar-service-override': 31.0.1
      '@codingame/monaco-vscode-view-title-bar-service-override': 31.0.1

  '@emnapi/core@1.11.1':
    dependencies:
      '@emnapi/wasi-threads': 1.2.2
      tslib: 2.8.1
    optional: true

  '@emnapi/runtime@1.11.1':
    dependencies:
      tslib: 2.8.1
    optional: true

  '@emnapi/wasi-threads@1.2.2':
    dependencies:
      tslib: 2.8.1
    optional: true

  '@napi-rs/wasm-runtime@1.1.6(@emnapi/core@1.11.1)(@emnapi/runtime@1.11.1)':
    dependencies:
      '@emnapi/core': 1.11.1
      '@emnapi/runtime': 1.11.1
      '@tybys/wasm-util': 0.10.3
    optional: true

  '@noble/hashes@2.2.0': {}

  '@oxc-project/types@0.137.0': {}

  '@rolldown/binding-android-arm64@1.1.3':
    optional: true

  '@rolldown/binding-darwin-arm64@1.1.3':
    optional: true

  '@rolldown/binding-darwin-x64@1.1.3':
    optional: true

  '@rolldown/binding-freebsd-x64@1.1.3':
    optional: true

  '@rolldown/binding-linux-arm-gnueabihf@1.1.3':
    optional: true

  '@rolldown/binding-linux-arm64-gnu@1.1.3':
    optional: true

  '@rolldown/binding-linux-arm64-musl@1.1.3':
    optional: true

  '@rolldown/binding-linux-ppc64-gnu@1.1.3':
    optional: true

  '@rolldown/binding-linux-s390x-gnu@1.1.3':
    optional: true

  '@rolldown/binding-linux-x64-gnu@1.1.3':
    optional: true

  '@rolldown/binding-linux-x64-musl@1.1.3':
    optional: true

  '@rolldown/binding-openharmony-arm64@1.1.3':
    optional: true

  '@rolldown/binding-wasm32-wasi@1.1.3':
    dependencies:
      '@emnapi/core': 1.11.1
      '@emnapi/runtime': 1.11.1
      '@napi-rs/wasm-runtime': 1.1.6(@emnapi/core@1.11.1)(@emnapi/runtime@1.11.1)
    optional: true

  '@rolldown/binding-win32-arm64-msvc@1.1.3':
    optional: true

  '@rolldown/binding-win32-x64-msvc@1.1.3':
    optional: true

  '@rolldown/pluginutils@1.0.1': {}

  '@tybys/wasm-util@0.10.3':
    dependencies:
      tslib: 2.8.1
    optional: true

  '@types/trusted-types@2.0.7':
    optional: true

  '@vscode/iconv-lite-umd@0.7.1': {}

  balanced-match@1.0.2: {}

  brace-expansion@2.1.1:
    dependencies:
      balanced-match: 1.0.2

  detect-libc@2.1.2: {}

  dompurify@3.2.7:
    optionalDependencies:
      '@types/trusted-types': 2.0.7

  dompurify@3.4.1:
    optionalDependencies:
      '@types/trusted-types': 2.0.7

  fdir@6.5.0(picomatch@4.0.4):
    optionalDependencies:
      picomatch: 4.0.4

  fsevents@2.3.3:
    optional: true

  hotmeal-wasm@file:../../../libs/hotmeal/hotmeal-wasm/pkg: {}

  jschardet@3.1.4: {}

  lightningcss-android-arm64@1.32.0:
    optional: true

  lightningcss-darwin-arm64@1.32.0:
    optional: true

  lightningcss-darwin-x64@1.32.0:
    optional: true

  lightningcss-freebsd-x64@1.32.0:
    optional: true

  lightningcss-linux-arm-gnueabihf@1.32.0:
    optional: true

  lightningcss-linux-arm64-gnu@1.32.0:
    optional: true

  lightningcss-linux-arm64-musl@1.32.0:
    optional: true

  lightningcss-linux-x64-gnu@1.32.0:
    optional: true

  lightningcss-linux-x64-musl@1.32.0:
    optional: true

  lightningcss-win32-arm64-msvc@1.32.0:
    optional: true

  lightningcss-win32-x64-msvc@1.32.0:
    optional: true

  lightningcss@1.32.0:
    dependencies:
      detect-libc: 2.1.2
    optionalDependencies:
      lightningcss-android-arm64: 1.32.0
      lightningcss-darwin-arm64: 1.32.0
      lightningcss-darwin-x64: 1.32.0
      lightningcss-freebsd-x64: 1.32.0
      lightningcss-linux-arm-gnueabihf: 1.32.0
      lightningcss-linux-arm64-gnu: 1.32.0
      lightningcss-linux-arm64-musl: 1.32.0
      lightningcss-linux-x64-gnu: 1.32.0
      lightningcss-linux-x64-musl: 1.32.0
      lightningcss-win32-arm64-msvc: 1.32.0
      lightningcss-win32-x64-msvc: 1.32.0

  marked@14.0.0: {}

  minimatch@5.1.9:
    dependencies:
      brace-expansion: 2.1.1

  monaco-editor@0.55.1:
    dependencies:
      dompurify: 3.2.7
      marked: 14.0.0

  monaco-languageclient@10.7.0:
    dependencies:
      '@codingame/monaco-vscode-api': 31.0.1
      '@codingame/monaco-vscode-configuration-service-override': 31.0.1
      '@codingame/monaco-vscode-editor-api': 31.0.1
      '@codingame/monaco-vscode-editor-service-override': 31.0.1
      '@codingame/monaco-vscode-extension-api': 31.0.1
      '@codingame/monaco-vscode-extensions-service-override': 31.0.1
      '@codingame/monaco-vscode-language-pack-cs': 31.0.1
      '@codingame/monaco-vscode-language-pack-de': 31.0.1
      '@codingame/monaco-vscode-language-pack-es': 31.0.1
      '@codingame/monaco-vscode-language-pack-fr': 31.0.1
      '@codingame/monaco-vscode-language-pack-it': 31.0.1
      '@codingame/monaco-vscode-language-pack-ja': 31.0.1
      '@codingame/monaco-vscode-language-pack-ko': 31.0.1
      '@codingame/monaco-vscode-language-pack-pl': 31.0.1
      '@codingame/monaco-vscode-language-pack-pt-br': 31.0.1
      '@codingame/monaco-vscode-language-pack-qps-ploc': 31.0.1
      '@codingame/monaco-vscode-language-pack-ru': 31.0.1
      '@codingame/monaco-vscode-language-pack-tr': 31.0.1
      '@codingame/monaco-vscode-language-pack-zh-hans': 31.0.1
      '@codingame/monaco-vscode-language-pack-zh-hant': 31.0.1
      '@codingame/monaco-vscode-languages-service-override': 31.0.1
      '@codingame/monaco-vscode-localization-service-override': 31.0.1
      '@codingame/monaco-vscode-log-service-override': 31.0.1
      '@codingame/monaco-vscode-model-service-override': 31.0.1
      '@codingame/monaco-vscode-monarch-service-override': 31.0.1
      '@codingame/monaco-vscode-textmate-service-override': 31.0.1
      '@codingame/monaco-vscode-theme-defaults-default-extension': 31.0.1
      '@codingame/monaco-vscode-theme-service-override': 31.0.1
      '@codingame/monaco-vscode-views-service-override': 31.0.1
      '@codingame/monaco-vscode-workbench-service-override': 31.0.1
      vscode: '@codingame/monaco-vscode-extension-api@31.0.1'
      vscode-languageclient: 9.0.1
      vscode-languageserver-protocol: 3.17.5
      vscode-ws-jsonrpc: 3.5.0

  monaco-vim@0.4.4(monaco-editor@0.55.1):
    dependencies:
      monaco-editor: 0.55.1

  nanoid@3.3.12: {}

  picocolors@1.1.1: {}

  picomatch@4.0.4: {}

  postcss@8.5.15:
    dependencies:
      nanoid: 3.3.12
      picocolors: 1.1.1
      source-map-js: 1.2.1

  rolldown@1.1.3:
    dependencies:
      '@oxc-project/types': 0.137.0
      '@rolldown/pluginutils': 1.0.1
    optionalDependencies:
      '@rolldown/binding-android-arm64': 1.1.3
      '@rolldown/binding-darwin-arm64': 1.1.3
      '@rolldown/binding-darwin-x64': 1.1.3
      '@rolldown/binding-freebsd-x64': 1.1.3
      '@rolldown/binding-linux-arm-gnueabihf': 1.1.3
      '@rolldown/binding-linux-arm64-gnu': 1.1.3
      '@rolldown/binding-linux-arm64-musl': 1.1.3
      '@rolldown/binding-linux-ppc64-gnu': 1.1.3
      '@rolldown/binding-linux-s390x-gnu': 1.1.3
      '@rolldown/binding-linux-x64-gnu': 1.1.3
      '@rolldown/binding-linux-x64-musl': 1.1.3
      '@rolldown/binding-openharmony-arm64': 1.1.3
      '@rolldown/binding-wasm32-wasi': 1.1.3
      '@rolldown/binding-win32-arm64-msvc': 1.1.3
      '@rolldown/binding-win32-x64-msvc': 1.1.3

  semver@7.8.1: {}

  source-map-js@1.2.1: {}

  tinyglobby@0.2.17:
    dependencies:
      fdir: 6.5.0(picomatch@4.0.4)
      picomatch: 4.0.4

  tslib@2.8.1:
    optional: true

  typescript@5.9.3: {}

  vite@8.1.0:
    dependencies:
      lightningcss: 1.32.0
      picomatch: 4.0.4
      postcss: 8.5.15
      rolldown: 1.1.3
      tinyglobby: 0.2.17
    optionalDependencies:
      fsevents: 2.3.3

  vscode-jsonrpc@8.2.0: {}

  vscode-jsonrpc@8.2.1: {}

  vscode-languageclient@9.0.1:
    dependencies:
      minimatch: 5.1.9
      semver: 7.8.1
      vscode-languageserver-protocol: 3.17.5

  vscode-languageserver-protocol@3.17.5:
    dependencies:
      vscode-jsonrpc: 8.2.0
      vscode-languageserver-types: 3.17.5

  vscode-languageserver-types@3.17.5: {}

  vscode-ws-jsonrpc@3.5.0:
    dependencies:
      vscode-jsonrpc: 8.2.1
